<?xml version="1.0" encoding="utf-8"?>
<Project ToolsVersion="4.0" xmlns="http://schemas.microsoft.com/developer/msbuild/2003">
  <ItemGroup>
    <Filter Include="Source Files">
      <UniqueIdentifier>{4FC737F1-C7A5-4376-A066-2A32D752A2FF}</UniqueIdentifier>
      <Extensions>cpp;c;cc;cxx;def;odl;idl;hpj;bat;asm;asmx</Extensions>
    </Filter>
    <Filter Include="Header Files">
      <UniqueIdentifier>{93995380-89BD-4b04-88EB-625FBE52EBFB}</UniqueIdentifier>
      <Extensions>h;hh;hpp;hxx;hm;inl;inc;xsd</Extensions>
    </Filter>
    <Filter Include="Resource Files">
      <UniqueIdentifier>{67DA6AB6-F800-4c08-8B7A-83BB121AAD01}</UniqueIdentifier>
      <Extensions>rc;ico;cur;bmp;dlg;rc2;rct;bin;rgs;gif;jpg;jpeg;jpe;resx;tiff;tif;png;wav;mfcribbon-ms</Extensions>
    </Filter>
    <Filter Include="Header Files\ui">
      <UniqueIdentifier>{de259b0e-0f7c-4d3a-9f0c-b59ae4b58061}</UniqueIdentifier>
    </Filter>
    <Filter Include="Source Files\ui">
      <UniqueIdentifier>{138420c3-8f56-4beb-9c94-57e9616e3163}</UniqueIdentifier>
    </Filter>
    <Filter Include="Header Files\model">
      <UniqueIdentifier>{4f1a7040-6f06-4af2-8e46-716e7df59c19}</UniqueIdentifier>
    </Filter>
    <Filter Include="Source Files\model">
      <UniqueIdentifier>{fd02c424-5bee-4f16-bb0b-17f44f3c6ba8}</UniqueIdentifier>
    </Filter>
    <Filter Include="Header Files\ui\utility">
      <UniqueIdentifier>{7c966415-3377-4c88-97a0-621cdeb0339c}</UniqueIdentifier>
    </Filter>
    <Filter Include="Header Files\model\utility">
      <UniqueIdentifier>{3f10729f-2e0e-4778-bbef-7673612b278a}</UniqueIdentifier>
    </Filter>
    <Filter Include="Source Files\model\utility">
      <UniqueIdentifier>{619d642f-8b83-4887-aabf-58c51e0af0cb}</UniqueIdentifier>
    </Filter>
    <Filter Include="Header Files\hlmv">
      <UniqueIdentifier>{abf7989e-6eed-41ea-81e2-bf2578f44436}</UniqueIdentifier>
    </Filter>
    <Filter Include="Source Files\hlmv">
      <UniqueIdentifier>{f977fe15-e419-4d69-9053-85814bfe32ec}</UniqueIdentifier>
    </Filter>
    <Filter Include="Source Files\hlmv\ui">
      <UniqueIdentifier>{82364461-4c06-43a7-a77b-9c160046f030}</UniqueIdentifier>
    </Filter>
    <Filter Include="Header Files\hlmv\ui">
      <UniqueIdentifier>{10a8db50-ff7d-43cf-af81-afdd8753b4c2}</UniqueIdentifier>
    </Filter>
    <Filter Include="Header Files\hlmv\ui\controlpanels">
      <UniqueIdentifier>{2b0e164b-36d1-4501-8d08-fdb59a1521c7}</UniqueIdentifier>
    </Filter>
    <Filter Include="Source Files\hlmv\ui\controlpanels">
      <UniqueIdentifier>{116ffbde-9c49-432a-98c6-e87efd509ef3}</UniqueIdentifier>
    </Filter>
    <Filter Include="Header Files\hlmv\ui\options">
      <UniqueIdentifier>{ba7a16e6-3382-4d0c-ae4e-99937507fbde}</UniqueIdentifier>
    </Filter>
    <Filter Include="Source Files\hlmv\ui\options">
      <UniqueIdentifier>{ad10a503-75de-44c2-b5da-92b6760b81af}</UniqueIdentifier>
    </Filter>
    <Filter Include="Header Files\model\studiomodel">
      <UniqueIdentifier>{5d1b17aa-86c8-4640-bd9f-d619bb3f2641}</UniqueIdentifier>
    </Filter>
    <Filter Include="Source Files\model\studiomodel">
      <UniqueIdentifier>{12e74f2a-b196-4ff2-b54e-e9a4cca99d85}</UniqueIdentifier>
    </Filter>
    <Filter Include="Header Files\model\graphics">
      <UniqueIdentifier>{b6af4a93-606a-43f2-a030-8d9accd6675b}</UniqueIdentifier>
    </Filter>
    <Filter Include="Source Files\model\graphics">
      <UniqueIdentifier>{c34c9514-8e8b-4368-aa97-6247580a4a27}</UniqueIdentifier>
    </Filter>
    <Filter Include="Source Files\ui\utility">
      <UniqueIdentifier>{a590454e-4163-4290-a956-e5ad60d25ee1}</UniqueIdentifier>
    </Filter>
    <Filter Include="Header Files\soundsystem">
      <UniqueIdentifier>{39e52d9e-2bce-490c-8856-007b74fa97ac}</UniqueIdentifier>
    </Filter>
    <Filter Include="Source Files\soundsystem">
      <UniqueIdentifier>{29ebaf56-9d86-4c6b-9dd5-d8f7fa0d9e91}</UniqueIdentifier>
    </Filter>
    <Filter Include="Header Files\filesystem">
      <UniqueIdentifier>{df2d5853-8b89-4d12-9e56-745db48e51cf}</UniqueIdentifier>
    </Filter>
    <Filter Include="Source Files\filesystem">
      <UniqueIdentifier>{22b44ba6-4833-4d8d-88bd-fa124c5b46c2}</UniqueIdentifier>
    </Filter>
    <Filter Include="Header Files\common">
      <UniqueIdentifier>{c003bdf0-454e-4475-a918-228b9342fadb}</UniqueIdentifier>
    </Filter>
    <Filter Include="Source Files\common">
      <UniqueIdentifier>{b2ffd917-b04d-437c-8e2e-6171185835db}</UniqueIdentifier>
    </Filter>
  </ItemGroup>
  <ItemGroup>
    <ClCompile Include="model\utility\mathlib.c">
      <Filter>Source Files\model\utility</Filter>
    </ClCompile>
    <ClCompile Include="model\utility\OpenGL.cpp">
      <Filter>Source Files\model\utility</Filter>
    </ClCompile>
    <ClCompile Include="hlmv\ui\C3DView.cpp">
      <Filter>Source Files\hlmv\ui</Filter>
    </ClCompile>
    <ClCompile Include="hlmv\ui\CMainPanel.cpp">
      <Filter>Source Files\hlmv\ui</Filter>
    </ClCompile>
    <ClCompile Include="hlmv\ui\CMainWindow.cpp">
      <Filter>Source Files\hlmv\ui</Filter>
    </ClCompile>
    <ClCompile Include="hlmv\ui\CModelViewerApp.cpp">
      <Filter>Source Files\hlmv\ui</Filter>
    </ClCompile>
    <ClCompile Include="hlmv\ui\controlpanels\CBaseControlPanel.cpp">
      <Filter>Source Files\hlmv\ui\controlpanels</Filter>
    </ClCompile>
    <ClCompile Include="hlmv\ui\controlpanels\CBaseSequencesPanel.cpp">
      <Filter>Source Files\hlmv\ui\controlpanels</Filter>
    </ClCompile>
    <ClCompile Include="hlmv\ui\controlpanels\CBodyPartsPanel.cpp">
      <Filter>Source Files\hlmv\ui\controlpanels</Filter>
    </ClCompile>
    <ClCompile Include="hlmv\ui\controlpanels\CFullscreenPanel.cpp">
      <Filter>Source Files\hlmv\ui\controlpanels</Filter>
    </ClCompile>
    <ClCompile Include="hlmv\ui\controlpanels\CModelDisplayPanel.cpp">
      <Filter>Source Files\hlmv\ui\controlpanels</Filter>
    </ClCompile>
    <ClCompile Include="hlmv\ui\controlpanels\CSequencesPanel.cpp">
      <Filter>Source Files\hlmv\ui\controlpanels</Filter>
    </ClCompile>
    <ClCompile Include="hlmv\ui\controlpanels\CTexturesPanel.cpp">
      <Filter>Source Files\hlmv\ui\controlpanels</Filter>
    </ClCompile>
    <ClCompile Include="hlmv\ui\controlpanels\CWeaponOriginPanel.cpp">
      <Filter>Source Files\hlmv\ui\controlpanels</Filter>
    </ClCompile>
    <ClCompile Include="hlmv\ui\options\COptionsDialog.cpp">
      <Filter>Source Files\hlmv\ui\options</Filter>
    </ClCompile>
    <ClCompile Include="model\studiomodel\studio_render.cpp">
      <Filter>Source Files\model\studiomodel</Filter>
    </ClCompile>
    <ClCompile Include="model\studiomodel\studio_utils.cpp">
      <Filter>Source Files\model\studiomodel</Filter>
    </ClCompile>
    <ClCompile Include="hlmv\CHLMVSettings.cpp">
      <Filter>Source Files\hlmv</Filter>
    </ClCompile>
    <ClCompile Include="hlmv\ui\CHLMV.cpp">
      <Filter>Source Files\hlmv\ui</Filter>
    </ClCompile>
    <ClCompile Include="model\graphics\GraphicsHelpers.cpp">
      <Filter>Source Files\model\graphics</Filter>
    </ClCompile>
    <ClCompile Include="ui\CwxOpenGL.cpp">
      <Filter>Source Files\ui</Filter>
    </ClCompile>
    <ClCompile Include="ui\utility\wxUtil.cpp">
      <Filter>Source Files\ui\utility</Filter>
    </ClCompile>
    <ClCompile Include="hlmv\ui\CFullscreenWindow.cpp">
      <Filter>Source Files\hlmv\ui</Filter>
    </ClCompile>
    <ClCompile Include="soundsystem\CSoundSystem.cpp">
      <Filter>Source Files\soundsystem</Filter>
    </ClCompile>
    <ClCompile Include="filesystem\CFileSystem.cpp">
      <Filter>Source Files\filesystem</Filter>
    </ClCompile>
    <ClCompile Include="ui\Logging.cpp">
      <Filter>Source Files\ui</Filter>
    </ClCompile>
    <ClCompile Include="model\utility\Platform.cpp">
      <Filter>Source Files\model\utility</Filter>
    </ClCompile>
    <ClCompile Include="common\CGlobals.cpp">
      <Filter>Source Files\common</Filter>
    </ClCompile>
  </ItemGroup>
  <ItemGroup>
    <ClInclude Include="ui\wxInclude.h">
      <Filter>Header Files\ui</Filter>
    </ClInclude>
    <ClInclude Include="model\utility\mathlib.h">
      <Filter>Header Files\model\utility</Filter>
    </ClInclude>
    <ClInclude Include="model\utility\studio.h">
      <Filter>Header Files\model\utility</Filter>
    </ClInclude>
    <ClInclude Include="model\utility\OpenGL.h">
      <Filter>Header Files\model\utility</Filter>
    </ClInclude>
    <ClInclude Include="model\utility\Platform.h">
      <Filter>Header Files\model\utility</Filter>
    </ClInclude>
    <ClInclude Include="ui\utility\CTimer.h">
      <Filter>Header Files\ui\utility</Filter>
    </ClInclude>
    <ClInclude Include="hlmv\ui\C3DView.h">
      <Filter>Header Files\hlmv\ui</Filter>
    </ClInclude>
    <ClInclude Include="hlmv\ui\CMainPanel.h">
      <Filter>Header Files\hlmv\ui</Filter>
    </ClInclude>
    <ClInclude Include="hlmv\ui\CMainWindow.h">
      <Filter>Header Files\hlmv\ui</Filter>
    </ClInclude>
    <ClInclude Include="hlmv\ui\CModelViewerApp.h">
      <Filter>Header Files\hlmv\ui</Filter>
    </ClInclude>
    <ClInclude Include="hlmv\ui\controlpanels\CBaseControlPanel.h">
      <Filter>Header Files\hlmv\ui\controlpanels</Filter>
    </ClInclude>
    <ClInclude Include="hlmv\ui\controlpanels\CBaseSequencesPanel.h">
      <Filter>Header Files\hlmv\ui\controlpanels</Filter>
    </ClInclude>
    <ClInclude Include="hlmv\ui\controlpanels\CBodyPartsPanel.h">
      <Filter>Header Files\hlmv\ui\controlpanels</Filter>
    </ClInclude>
    <ClInclude Include="hlmv\ui\controlpanels\CFullscreenPanel.h">
      <Filter>Header Files\hlmv\ui\controlpanels</Filter>
    </ClInclude>
    <ClInclude Include="hlmv\ui\controlpanels\CModelDisplayPanel.h">
      <Filter>Header Files\hlmv\ui\controlpanels</Filter>
    </ClInclude>
    <ClInclude Include="hlmv\ui\controlpanels\CSequencesPanel.h">
      <Filter>Header Files\hlmv\ui\controlpanels</Filter>
    </ClInclude>
    <ClInclude Include="hlmv\ui\controlpanels\CTexturesPanel.h">
      <Filter>Header Files\hlmv\ui\controlpanels</Filter>
    </ClInclude>
    <ClInclude Include="hlmv\ui\controlpanels\CWeaponOriginPanel.h">
      <Filter>Header Files\hlmv\ui\controlpanels</Filter>
    </ClInclude>
    <ClInclude Include="hlmv\ui\wxHLMV.h">
      <Filter>Header Files\hlmv\ui</Filter>
    </ClInclude>
    <ClInclude Include="hlmv\ui\options\COptionsDialog.h">
      <Filter>Header Files\hlmv\ui\options</Filter>
    </ClInclude>
    <ClInclude Include="model\studiomodel\StudioModel.h">
      <Filter>Header Files\model\studiomodel</Filter>
    </ClInclude>
    <ClInclude Include="hlmv\CHLMVSettings.h">
      <Filter>Header Files\hlmv</Filter>
    </ClInclude>
    <ClInclude Include="hlmv\ui\CHLMV.h">
      <Filter>Header Files\hlmv\ui</Filter>
    </ClInclude>
    <ClInclude Include="model\graphics\GraphicsHelpers.h">
      <Filter>Header Files\model\graphics</Filter>
    </ClInclude>
    <ClInclude Include="model\graphics\Constants.h">
      <Filter>Header Files\model\graphics</Filter>
    </ClInclude>
    <ClInclude Include="ui\CwxOpenGL.h">
      <Filter>Header Files\ui</Filter>
    </ClInclude>
    <ClInclude Include="ui\utility\wxUtil.h">
      <Filter>Header Files\ui\utility</Filter>
    </ClInclude>
    <ClInclude Include="hlmv\ui\CFullscreenWindow.h">
      <Filter>Header Files\hlmv\ui</Filter>
    </ClInclude>
    <ClInclude Include="soundsystem\CSoundSystem.h">
      <Filter>Header Files\soundsystem</Filter>
    </ClInclude>
    <ClInclude Include="filesystem\CFileSystem.h">
      <Filter>Header Files\filesystem</Filter>
    </ClInclude>
    <ClInclude Include="common\Logging.h">
      <Filter>Header Files\common</Filter>
    </ClInclude>
    <ClInclude Include="common\CGlobals.h">
      <Filter>Header Files\common</Filter>
    </ClInclude>
  </ItemGroup>
</Project>