<?xml version="1.0" encoding="utf-8"?>
<Project ToolsVersion="4.0" xmlns="http://schemas.microsoft.com/developer/msbuild/2003">
  <ItemGroup>
    <Filter Include="Source Files">
      <UniqueIdentifier>{4FC737F1-C7A5-4376-A066-2A32D752A2FF}</UniqueIdentifier>
      <Extensions>cpp;c;cc;cxx;def;odl;idl;hpj;bat;asm;asmx</Extensions>
    </Filter>
    <Filter Include="Header Files">
      <UniqueIdentifier>{93995380-89BD-4b04-88EB-625FBE52EBFB}</UniqueIdentifier>
      <Extensions>h;hh;hpp;hxx;hm;inl;inc;xsd</Extensions>
    </Filter>
    <Filter Include="Resource Files">
      <UniqueIdentifier>{67DA6AB6-F800-4c08-8B7A-83BB121AAD01}</UniqueIdentifier>
      <Extensions>rc;ico;cur;bmp;dlg;rc2;rct;bin;rgs;gif;jpg;jpeg;jpe;resx;tiff;tif;png;wav;mfcribbon-ms</Extensions>
    </Filter>
    <Filter Include="Header Files\tools">
      <UniqueIdentifier>{92aa5658-e050-40fb-bfb6-452b3a1d0d9b}</UniqueIdentifier>
    </Filter>
    <Filter Include="Header Files\tools\asdocgenerator">
      <UniqueIdentifier>{97d763d9-8627-4e44-9a55-ca33753909cf}</UniqueIdentifier>
    </Filter>
    <Filter Include="Source Files\tools">
      <UniqueIdentifier>{7b07c320-2026-4e45-8e87-f2a2038f2601}</UniqueIdentifier>
    </Filter>
    <Filter Include="Source Files\tools\asdocgenerator">
      <UniqueIdentifier>{ecfad82f-ced3-47b0-b693-0bca446e5ea7}</UniqueIdentifier>
    </Filter>
  </ItemGroup>
  <ItemGroup>
    <ClInclude Include="..\src\tools\asdocgenerator\CDocGenerator.h">
      <Filter>Header Files\tools\asdocgenerator</Filter>
    </ClInclude>
  </ItemGroup>
  <ItemGroup>
    <ClCompile Include="..\src\tools\asdocgenerator\CDocGenerator.cpp">
      <Filter>Source Files\tools\asdocgenerator</Filter>
    </ClCompile>
    <ClCompile Include="..\src\tools\asdocgenerator\Main.cpp">
      <Filter>Source Files\tools\asdocgenerator</Filter>
    </ClCompile>
  </ItemGroup>
</Project>