
Microsoft Visual Studio Solution File, Format Version 12.00
# Visual Studio 14
VisualStudioVersion = 14.0.25123.0
MinimumVisualStudioVersion = 10.0.40219.1
Project("{8BC9CEB8-8B4A-11D0-8D11-00A0C91BC942}") = "HLMV", "HLMV.vcxproj", "{B478CBB5-EEF9-4E7F-9749-E90ACE12E016}"
	ProjectSection(ProjectDependencies) = postProject
		{DA1BCE0D-BABE-4E13-9422-2E39E6BF4BDA} = {DA1BCE0D-BABE-4E13-9422-2E39E6BF4BDA}
		{8C0DA16C-64EE-4114-B0C8-FD90E3F7D358} = {8C0DA16C-64EE-4114-B0C8-FD90E3F7D358}
		{5556D8C2-35A8-472D-A5C4-F8E78A0EE17E} = {5556D8C2-35A8-472D-A5C4-F8E78A0EE17E}
		{5ED051D1-9D62-4566-9142-0BBAED41E3CF} = {5ED051D1-9D62-4566-9142-0BBAED41E3CF}
	EndProjectSection
EndProject
Project("{8BC9CEB8-8B4A-11D0-8D11-00A0C91BC942}") = "LibHLCore", "LibHLCore.vcxproj", "{5ED051D1-9D62-4566-9142-0BBAED41E3CF}"
EndProject
Project("{8BC9CEB8-8B4A-11D0-8D11-00A0C91BC942}") = "LibHLStdLib", "LibHLStdLib.vcxproj", "{8C0DA16C-64EE-4114-B0C8-FD90E3F7D358}"
EndProject
Project("{8BC9CEB8-8B4A-11D0-8D11-00A0C91BC942}") = "LibKeyvalues", "LibKeyvalues.vcxproj", "{5556D8C2-35A8-472D-A5C4-F8E78A0EE17E}"
	ProjectSection(ProjectDependencies) = postProject
		{8C0DA16C-64EE-4114-B0C8-FD90E3F7D358} = {8C0DA16C-64EE-4114-B0C8-FD90E3F7D358}
	EndProjectSection
EndProject
Project("{8BC9CEB8-8B4A-11D0-8D11-00A0C91BC942}") = "ASDocGenerator", "ASDocGenerator.vcxproj", "{B92942FE-4CDC-4FB9-B2AE-DA3ED5E10675}"
	ProjectSection(ProjectDependencies) = postProject
		{8C0DA16C-64EE-4114-B0C8-FD90E3F7D358} = {8C0DA16C-64EE-4114-B0C8-FD90E3F7D358}
		{5556D8C2-35A8-472D-A5C4-F8E78A0EE17E} = {5556D8C2-35A8-472D-A5C4-F8E78A0EE17E}
		{5ED051D1-9D62-4566-9142-0BBAED41E3CF} = {5ED051D1-9D62-4566-9142-0BBAED41E3CF}
	EndProjectSection
EndProject
Project("{8BC9CEB8-8B4A-11D0-8D11-00A0C91BC942}") = "LibSoundSystem", "LibSoundSystem.vcxproj", "{DA1BCE0D-BABE-4E13-9422-2E39E6BF4BDA}"
EndProject
Global
	GlobalSection(SolutionConfigurationPlatforms) = preSolution
		Debug|x64 = Debug|x64
		Debug|x86 = Debug|x86
		Release|x64 = Release|x64
		Release|x86 = Release|x86
	EndGlobalSection
	GlobalSection(ProjectConfigurationPlatforms) = postSolution
		{B478CBB5-EEF9-4E7F-9749-E90ACE12E016}.Debug|x64.ActiveCfg = Debug|x64
		{B478CBB5-EEF9-4E7F-9749-E90ACE12E016}.Debug|x64.Build.0 = Debug|x64
		{B478CBB5-EEF9-4E7F-9749-E90ACE12E016}.Debug|x86.ActiveCfg = Debug|Win32
		{B478CBB5-EEF9-4E7F-9749-E90ACE12E016}.Debug|x86.Build.0 = Debug|Win32
		{B478CBB5-EEF9-4E7F-9749-E90ACE12E016}.Release|x64.ActiveCfg = Release|x64
		{B478CBB5-EEF9-4E7F-9749-E90ACE12E016}.Release|x64.Build.0 = Release|x64
		{B478CBB5-EEF9-4E7F-9749-E90ACE12E016}.Release|x86.ActiveCfg = Release|Win32
		{B478CBB5-EEF9-4E7F-9749-E90ACE12E016}.Release|x86.Build.0 = Release|Win32
		{5ED051D1-9D62-4566-9142-0BBAED41E3CF}.Debug|x64.ActiveCfg = Debug|x64
		{5ED051D1-9D62-4566-9142-0BBAED41E3CF}.Debug|x64.Build.0 = Debug|x64
		{5ED051D1-9D62-4566-9142-0BBAED41E3CF}.Debug|x86.ActiveCfg = Debug|Win32
		{5ED051D1-9D62-4566-9142-0BBAED41E3CF}.Debug|x86.Build.0 = Debug|Win32
		{5ED051D1-9D62-4566-9142-0BBAED41E3CF}.Release|x64.ActiveCfg = Release|x64
		{5ED051D1-9D62-4566-9142-0BBAED41E3CF}.Release|x64.Build.0 = Release|x64
		{5ED051D1-9D62-4566-9142-0BBAED41E3CF}.Release|x86.ActiveCfg = Release|Win32
		{5ED051D1-9D62-4566-9142-0BBAED41E3CF}.Release|x86.Build.0 = Release|Win32
		{8C0DA16C-64EE-4114-B0C8-FD90E3F7D358}.Debug|x64.ActiveCfg = Debug|x64
		{8C0DA16C-64EE-4114-B0C8-FD90E3F7D358}.Debug|x64.Build.0 = Debug|x64
		{8C0DA16C-64EE-4114-B0C8-FD90E3F7D358}.Debug|x86.ActiveCfg = Debug|Win32
		{8C0DA16C-64EE-4114-B0C8-FD90E3F7D358}.Debug|x86.Build.0 = Debug|Win32
		{8C0DA16C-64EE-4114-B0C8-FD90E3F7D358}.Release|x64.ActiveCfg = Release|x64
		{8C0DA16C-64EE-4114-B0C8-FD90E3F7D358}.Release|x64.Build.0 = Release|x64
		{8C0DA16C-64EE-4114-B0C8-FD90E3F7D358}.Release|x86.ActiveCfg = Release|Win32
		{8C0DA16C-64EE-4114-B0C8-FD90E3F7D358}.Release|x86.Build.0 = Release|Win32
		{5556D8C2-35A8-472D-A5C4-F8E78A0EE17E}.Debug|x64.ActiveCfg = Debug|x64
		{5556D8C2-35A8-472D-A5C4-F8E78A0EE17E}.Debug|x64.Build.0 = Debug|x64
		{5556D8C2-35A8-472D-A5C4-F8E78A0EE17E}.Debug|x86.ActiveCfg = Debug|Win32
		{5556D8C2-35A8-472D-A5C4-F8E78A0EE17E}.Debug|x86.Build.0 = Debug|Win32
		{5556D8C2-35A8-472D-A5C4-F8E78A0EE17E}.Release|x64.ActiveCfg = Release|x64
		{5556D8C2-35A8-472D-A5C4-F8E78A0EE17E}.Release|x64.Build.0 = Release|x64
		{5556D8C2-35A8-472D-A5C4-F8E78A0EE17E}.Release|x86.ActiveCfg = Release|Win32
		{5556D8C2-35A8-472D-A5C4-F8E78A0EE17E}.Release|x86.Build.0 = Release|Win32
		{B92942FE-4CDC-4FB9-B2AE-DA3ED5E10675}.Debug|x64.ActiveCfg = Debug|x64
		{B92942FE-4CDC-4FB9-B2AE-DA3ED5E10675}.Debug|x64.Build.0 = Debug|x64
		{B92942FE-4CDC-4FB9-B2AE-DA3ED5E10675}.Debug|x86.ActiveCfg = Debug|Win32
		{B92942FE-4CDC-4FB9-B2AE-DA3ED5E10675}.Debug|x86.Build.0 = Debug|Win32
		{B92942FE-4CDC-4FB9-B2AE-DA3ED5E10675}.Release|x64.ActiveCfg = Release|x64
		{B92942FE-4CDC-4FB9-B2AE-DA3ED5E10675}.Release|x64.Build.0 = Release|x64
		{B92942FE-4CDC-4FB9-B2AE-DA3ED5E10675}.Release|x86.ActiveCfg = Release|Win32
		{B92942FE-4CDC-4FB9-B2AE-DA3ED5E10675}.Release|x86.Build.0 = Release|Win32
		{DA1BCE0D-BABE-4E13-9422-2E39E6BF4BDA}.Debug|x64.ActiveCfg = Debug|x64
		{DA1BCE0D-BABE-4E13-9422-2E39E6BF4BDA}.Debug|x64.Build.0 = Debug|x64
		{DA1BCE0D-BABE-4E13-9422-2E39E6BF4BDA}.Debug|x86.ActiveCfg = Debug|Win32
		{DA1BCE0D-BABE-4E13-9422-2E39E6BF4BDA}.Debug|x86.Build.0 = Debug|Win32
		{DA1BCE0D-BABE-4E13-9422-2E39E6BF4BDA}.Release|x64.ActiveCfg = Release|x64
		{DA1BCE0D-BABE-4E13-9422-2E39E6BF4BDA}.Release|x64.Build.0 = Release|x64
		{DA1BCE0D-BABE-4E13-9422-2E39E6BF4BDA}.Release|x86.ActiveCfg = Release|Win32
		{DA1BCE0D-BABE-4E13-9422-2E39E6BF4BDA}.Release|x86.Build.0 = Release|Win32
	EndGlobalSection
	GlobalSection(SolutionProperties) = preSolution
		HideSolutionNode = FALSE
	EndGlobalSection
EndGlobal
