<?xml version="1.0" encoding="utf-8"?>
<Project ToolsVersion="4.0" xmlns="http://schemas.microsoft.com/developer/msbuild/2003">
  <ItemGroup>
    <Filter Include="Source Files">
      <UniqueIdentifier>{4FC737F1-C7A5-4376-A066-2A32D752A2FF}</UniqueIdentifier>
      <Extensions>cpp;c;cc;cxx;def;odl;idl;hpj;bat;asm;asmx</Extensions>
    </Filter>
    <Filter Include="Header Files">
      <UniqueIdentifier>{93995380-89BD-4b04-88EB-625FBE52EBFB}</UniqueIdentifier>
      <Extensions>h;hh;hpp;hxx;hm;inl;inc;xsd</Extensions>
    </Filter>
    <Filter Include="Resource Files">
      <UniqueIdentifier>{67DA6AB6-F800-4c08-8B7A-83BB121AAD01}</UniqueIdentifier>
      <Extensions>rc;ico;cur;bmp;dlg;rc2;rct;bin;rgs;gif;jpg;jpeg;jpe;resx;tiff;tif;png;wav;mfcribbon-ms</Extensions>
    </Filter>
    <Filter Include="Header Files\ui">
      <UniqueIdentifier>{de259b0e-0f7c-4d3a-9f0c-b59ae4b58061}</UniqueIdentifier>
    </Filter>
    <Filter Include="Source Files\ui">
      <UniqueIdentifier>{138420c3-8f56-4beb-9c94-57e9616e3163}</UniqueIdentifier>
    </Filter>
    <Filter Include="Header Files\ui\utility">
      <UniqueIdentifier>{7c966415-3377-4c88-97a0-621cdeb0339c}</UniqueIdentifier>
    </Filter>
    <Filter Include="Source Files\ui\utility">
      <UniqueIdentifier>{a590454e-4163-4290-a956-e5ad60d25ee1}</UniqueIdentifier>
    </Filter>
    <Filter Include="Header Files\common">
      <UniqueIdentifier>{c003bdf0-454e-4475-a918-228b9342fadb}</UniqueIdentifier>
    </Filter>
    <Filter Include="Source Files\common">
      <UniqueIdentifier>{b2ffd917-b04d-437c-8e2e-6171185835db}</UniqueIdentifier>
    </Filter>
    <Filter Include="Header Files\graphics">
      <UniqueIdentifier>{a8cc43f3-adc8-40e6-83bf-e50ef343feec}</UniqueIdentifier>
    </Filter>
    <Filter Include="Source Files\graphics">
      <UniqueIdentifier>{6c61afb5-133b-41bf-bdbd-f19d1b0f536d}</UniqueIdentifier>
    </Filter>
    <Filter Include="Header Files\utility">
      <UniqueIdentifier>{ed25d055-24a0-4488-916b-44d217c824cc}</UniqueIdentifier>
    </Filter>
    <Filter Include="Source Files\utility">
      <UniqueIdentifier>{eebee85d-37b6-4c0a-88a0-77fa3f71577f}</UniqueIdentifier>
    </Filter>
    <Filter Include="Header Files\filesystem">
      <UniqueIdentifier>{b76ba503-1cfc-4446-a38f-c9218f31e25c}</UniqueIdentifier>
    </Filter>
    <Filter Include="Source Files\filesystem">
      <UniqueIdentifier>{a1cd882c-24ad-4c8d-a9b1-69047d4b5df0}</UniqueIdentifier>
    </Filter>
    <Filter Include="Header Files\soundsystem">
      <UniqueIdentifier>{aaeed290-72e3-4960-96fc-84da1b96b58e}</UniqueIdentifier>
    </Filter>
    <Filter Include="Source Files\soundsystem">
      <UniqueIdentifier>{e5b1181c-a0f8-4bbf-a905-4b473449de74}</UniqueIdentifier>
    </Filter>
    <Filter Include="Header Files\keyvalues">
      <UniqueIdentifier>{482a5840-429c-4347-8e26-31b1891bdda0}</UniqueIdentifier>
    </Filter>
    <Filter Include="Source Files\keyvalues">
      <UniqueIdentifier>{6a4464d3-8a3d-4713-980c-906d6f034605}</UniqueIdentifier>
    </Filter>
    <Filter Include="Header Files\settings">
      <UniqueIdentifier>{20100ceb-5293-4062-a9bf-e7beb98776da}</UniqueIdentifier>
    </Filter>
    <Filter Include="Source Files\settings">
      <UniqueIdentifier>{c30758a5-e4f4-4b44-aa4a-8754b23722cc}</UniqueIdentifier>
    </Filter>
    <Filter Include="Header Files\ui\shared">
      <UniqueIdentifier>{2cc43b55-cfc7-43ef-b8a4-92bd70a0564d}</UniqueIdentifier>
    </Filter>
    <Filter Include="Source Files\ui\shared">
      <UniqueIdentifier>{1c22d988-ba22-410a-b36f-801ff85e37d7}</UniqueIdentifier>
    </Filter>
    <Filter Include="Header Files\tools">
      <UniqueIdentifier>{430dbb2b-f132-4e72-9fa0-ba50777487fb}</UniqueIdentifier>
    </Filter>
    <Filter Include="Header Files\tools\shared">
      <UniqueIdentifier>{4846e60a-91ab-4fdf-bd67-01ee912246c7}</UniqueIdentifier>
    </Filter>
    <Filter Include="Source Files\tools">
      <UniqueIdentifier>{c42c5e25-9a0d-4a6c-bf11-999d3ed80267}</UniqueIdentifier>
    </Filter>
    <Filter Include="Source Files\tools\shared">
      <UniqueIdentifier>{1bfc15c9-36cc-411f-a732-4b1119e81a93}</UniqueIdentifier>
    </Filter>
    <Filter Include="Header Files\tools\hlmv">
      <UniqueIdentifier>{ad8ee034-9073-47db-8d07-3730cbcfe731}</UniqueIdentifier>
    </Filter>
    <Filter Include="Header Files\tools\hlmv\settings">
      <UniqueIdentifier>{0d7d4681-d890-4e7c-a47c-3ca8488fb087}</UniqueIdentifier>
    </Filter>
    <Filter Include="Header Files\tools\hlmv\ui">
      <UniqueIdentifier>{8f77206d-e265-4ff0-bc24-5954cf67157d}</UniqueIdentifier>
    </Filter>
    <Filter Include="Source Files\tools\hlmv">
      <UniqueIdentifier>{4ac289ec-45b7-473c-b479-282616ca2e2e}</UniqueIdentifier>
    </Filter>
    <Filter Include="Source Files\tools\hlmv\settings">
      <UniqueIdentifier>{e6f5fb2c-cef0-48f9-8e4b-9f42d202ec92}</UniqueIdentifier>
    </Filter>
    <Filter Include="Source Files\tools\hlmv\ui">
      <UniqueIdentifier>{287e57a6-157c-40aa-8f29-d9a21576a23c}</UniqueIdentifier>
    </Filter>
    <Filter Include="Header Files\tools\hlmv\ui\options">
      <UniqueIdentifier>{ef2caafa-a624-4335-99b1-0f6fb1bd2545}</UniqueIdentifier>
    </Filter>
    <Filter Include="Source Files\tools\hlmv\ui\options">
      <UniqueIdentifier>{3ce11baf-9c61-4db5-a715-2be82331b398}</UniqueIdentifier>
    </Filter>
    <Filter Include="Header Files\tools\hlmv\ui\controlpanels">
      <UniqueIdentifier>{fcf37bda-d1fb-4082-9306-4abbfa3592f2}</UniqueIdentifier>
    </Filter>
    <Filter Include="Source Files\tools\hlmv\ui\controlpanels">
      <UniqueIdentifier>{2818c960-9b05-403d-802b-feeee28fa899}</UniqueIdentifier>
    </Filter>
    <Filter Include="Header Files\game">
      <UniqueIdentifier>{58f6fb94-cca1-46c3-834b-6e074558f469}</UniqueIdentifier>
    </Filter>
    <Filter Include="Source Files\game">
      <UniqueIdentifier>{faeb3001-0b1a-4461-8a6b-3b783a3f02f5}</UniqueIdentifier>
    </Filter>
    <Filter Include="Header Files\game\studiomodel">
      <UniqueIdentifier>{342283d2-5ba0-41b9-9d47-c6093a12e674}</UniqueIdentifier>
    </Filter>
    <Filter Include="Source Files\game\studiomodel">
      <UniqueIdentifier>{487ead65-14f4-486c-bf37-b4f77271c9ad}</UniqueIdentifier>
    </Filter>
    <Filter Include="Header Files\cvar">
      <UniqueIdentifier>{59e80cce-765a-4a29-9d03-9419afbcd973}</UniqueIdentifier>
    </Filter>
    <Filter Include="Source Files\cvar">
      <UniqueIdentifier>{c8efb600-86ff-49a1-92a8-aa60ef6c6b24}</UniqueIdentifier>
    </Filter>
    <Filter Include="Source Files\game\entity">
      <UniqueIdentifier>{5da57973-c54f-43c0-9505-78b2444eb3db}</UniqueIdentifier>
    </Filter>
    <Filter Include="Header Files\game\entity">
      <UniqueIdentifier>{b9f2852e-7db8-41f0-8be0-6e31f1a1a41f}</UniqueIdentifier>
    </Filter>
  </ItemGroup>
  <ItemGroup>
    <ClCompile Include="..\src\graphics\GraphicsHelpers.cpp">
      <Filter>Source Files\graphics</Filter>
    </ClCompile>
    <ClCompile Include="..\src\common\Platform.cpp">
      <Filter>Source Files\common</Filter>
    </ClCompile>
    <ClCompile Include="..\src\filesystem\CFileSystem.cpp">
      <Filter>Source Files\filesystem</Filter>
    </ClCompile>
    <ClCompile Include="..\src\soundsystem\CSoundSystem.cpp">
      <Filter>Source Files\soundsystem</Filter>
    </ClCompile>
    <ClCompile Include="..\src\graphics\OpenGL.cpp">
      <Filter>Source Files\graphics</Filter>
    </ClCompile>
    <ClCompile Include="..\src\ui\utility\wxUtil.cpp">
      <Filter>Source Files\ui\utility</Filter>
    </ClCompile>
    <ClCompile Include="..\src\ui\CwxOpenGL.cpp">
      <Filter>Source Files\ui</Filter>
    </ClCompile>
    <ClCompile Include="..\src\keyvalues\CKeyvalue.cpp">
      <Filter>Source Files\keyvalues</Filter>
    </ClCompile>
    <ClCompile Include="..\src\keyvalues\CKeyvalueNode.cpp">
      <Filter>Source Files\keyvalues</Filter>
    </ClCompile>
    <ClCompile Include="..\src\keyvalues\CKeyvalues.cpp">
      <Filter>Source Files\keyvalues</Filter>
    </ClCompile>
    <ClCompile Include="..\src\keyvalues\CKeyvaluesLexer.cpp">
      <Filter>Source Files\keyvalues</Filter>
    </ClCompile>
    <ClCompile Include="..\src\keyvalues\CKeyvaluesParser.cpp">
      <Filter>Source Files\keyvalues</Filter>
    </ClCompile>
    <ClCompile Include="..\src\keyvalues\CKeyvaluesWriter.cpp">
      <Filter>Source Files\keyvalues</Filter>
    </ClCompile>
    <ClCompile Include="..\src\keyvalues\CKvBlockNode.cpp">
      <Filter>Source Files\keyvalues</Filter>
    </ClCompile>
    <ClCompile Include="..\src\utility\CString.cpp">
      <Filter>Source Files\utility</Filter>
    </ClCompile>
    <ClCompile Include="..\src\utility\CEscapeSequences.cpp">
      <Filter>Source Files\utility</Filter>
    </ClCompile>
    <ClCompile Include="..\src\settings\CGameConfig.cpp">
      <Filter>Source Files\settings</Filter>
    </ClCompile>
    <ClCompile Include="..\src\common\Utility.cpp">
      <Filter>Source Files\common</Filter>
    </ClCompile>
    <ClCompile Include="..\src\settings\GameConfigIO.cpp">
      <Filter>Source Files\settings</Filter>
    </ClCompile>
    <ClCompile Include="..\src\settings\CGameConfigManager.cpp">
      <Filter>Source Files\settings</Filter>
    </ClCompile>
    <ClCompile Include="..\src\ui\wxLogging.cpp">
      <Filter>Source Files\ui</Filter>
    </ClCompile>
    <ClCompile Include="..\src\common\Logging.cpp">
      <Filter>Source Files\common</Filter>
    </ClCompile>
    <ClCompile Include="..\src\settings\CRecentFiles.cpp">
      <Filter>Source Files\settings</Filter>
    </ClCompile>
    <ClCompile Include="..\src\ui\shared\CMessagesWindow.cpp">
      <Filter>Source Files\ui\shared</Filter>
    </ClCompile>
    <ClCompile Include="..\src\ui\shared\CEditGameConfigsDialog.cpp">
      <Filter>Source Files\ui\shared</Filter>
    </ClCompile>
    <ClCompile Include="..\src\settings\CBaseSettings.cpp">
      <Filter>Source Files\settings</Filter>
    </ClCompile>
    <ClCompile Include="..\src\utility\Color.cpp">
      <Filter>Source Files\utility</Filter>
    </ClCompile>
    <ClCompile Include="..\src\utility\IOUtils.cpp">
      <Filter>Source Files\utility</Filter>
    </ClCompile>
    <ClCompile Include="..\src\utility\Vector.cpp">
      <Filter>Source Files\utility</Filter>
    </ClCompile>
    <ClCompile Include="..\src\ui\shared\CGameConfigurationsPanel.cpp">
      <Filter>Source Files\ui\shared</Filter>
    </ClCompile>
    <ClCompile Include="..\src\graphics\Constants.cpp">
      <Filter>Source Files\graphics</Filter>
    </ClCompile>
    <ClCompile Include="..\src\graphics\GLRenderTarget.cpp">
      <Filter>Source Files\graphics</Filter>
    </ClCompile>
    <ClCompile Include="..\src\tools\shared\CBaseTool.cpp">
      <Filter>Source Files\tools\shared</Filter>
    </ClCompile>
    <ClCompile Include="..\src\ui\CwxBaseApp.cpp">
      <Filter>Source Files\ui</Filter>
    </ClCompile>
    <ClCompile Include="..\src\filesystem\FileSystemConstants.cpp">
      <Filter>Source Files\filesystem</Filter>
    </ClCompile>
    <ClCompile Include="..\src\tools\shared\Credits.cpp">
      <Filter>Source Files\tools\shared</Filter>
    </ClCompile>
    <ClCompile Include="..\src\tools\hlmv\settings\CHLMVSettings.cpp">
      <Filter>Source Files\tools\hlmv\settings</Filter>
    </ClCompile>
    <ClCompile Include="..\src\tools\hlmv\CHLMVState.cpp">
      <Filter>Source Files\tools\hlmv</Filter>
    </ClCompile>
    <ClCompile Include="..\src\tools\hlmv\ui\C3DView.cpp">
      <Filter>Source Files\tools\hlmv\ui</Filter>
    </ClCompile>
    <ClCompile Include="..\src\tools\hlmv\ui\CFullscreenWindow.cpp">
      <Filter>Source Files\tools\hlmv\ui</Filter>
    </ClCompile>
    <ClCompile Include="..\src\tools\hlmv\ui\CHLMV.cpp">
      <Filter>Source Files\tools\hlmv\ui</Filter>
    </ClCompile>
    <ClCompile Include="..\src\tools\hlmv\ui\CMainPanel.cpp">
      <Filter>Source Files\tools\hlmv\ui</Filter>
    </ClCompile>
    <ClCompile Include="..\src\tools\hlmv\ui\CMainWindow.cpp">
      <Filter>Source Files\tools\hlmv\ui</Filter>
    </ClCompile>
    <ClCompile Include="..\src\tools\hlmv\ui\CModelViewerApp.cpp">
      <Filter>Source Files\tools\hlmv\ui</Filter>
    </ClCompile>
    <ClCompile Include="..\src\tools\hlmv\ui\options\CGeneralOptions.cpp">
      <Filter>Source Files\tools\hlmv\ui\options</Filter>
    </ClCompile>
    <ClCompile Include="..\src\tools\hlmv\ui\options\COptionsDialog.cpp">
      <Filter>Source Files\tools\hlmv\ui\options</Filter>
    </ClCompile>
    <ClCompile Include="..\src\tools\hlmv\ui\controlpanels\CBaseControlPanel.cpp">
      <Filter>Source Files\tools\hlmv\ui\controlpanels</Filter>
    </ClCompile>
    <ClCompile Include="..\src\tools\hlmv\ui\controlpanels\CBodyPartsPanel.cpp">
      <Filter>Source Files\tools\hlmv\ui\controlpanels</Filter>
    </ClCompile>
    <ClCompile Include="..\src\tools\hlmv\ui\controlpanels\CFullscreenPanel.cpp">
      <Filter>Source Files\tools\hlmv\ui\controlpanels</Filter>
    </ClCompile>
    <ClCompile Include="..\src\tools\hlmv\ui\controlpanels\CModelDisplayPanel.cpp">
      <Filter>Source Files\tools\hlmv\ui\controlpanels</Filter>
    </ClCompile>
    <ClCompile Include="..\src\tools\hlmv\ui\controlpanels\CSequencesPanel.cpp">
      <Filter>Source Files\tools\hlmv\ui\controlpanels</Filter>
    </ClCompile>
    <ClCompile Include="..\src\tools\hlmv\ui\controlpanels\CTexturesPanel.cpp">
      <Filter>Source Files\tools\hlmv\ui\controlpanels</Filter>
    </ClCompile>
    <ClCompile Include="..\src\graphics\BMPFile.cpp">
      <Filter>Source Files\graphics</Filter>
    </ClCompile>
    <ClCompile Include="..\src\utility\mathlib.cpp">
      <Filter>Source Files\utility</Filter>
    </ClCompile>
    <ClCompile Include="..\src\cvar\CConCommand.cpp">
      <Filter>Source Files\cvar</Filter>
    </ClCompile>
    <ClCompile Include="..\src\cvar\CCVar.cpp">
      <Filter>Source Files\cvar</Filter>
    </ClCompile>
    <ClCompile Include="..\src\utility\Tokenization.cpp">
      <Filter>Source Files\utility</Filter>
    </ClCompile>
    <ClCompile Include="..\src\utility\CCommand.cpp">
      <Filter>Source Files\utility</Filter>
    </ClCompile>
    <ClCompile Include="..\src\cvar\CBaseConCommand.cpp">
      <Filter>Source Files\cvar</Filter>
    </ClCompile>
    <ClCompile Include="..\src\cvar\CCVarSystem.cpp">
      <Filter>Source Files\cvar</Filter>
    </ClCompile>
    <ClCompile Include="..\src\cvar\CVarUtils.cpp">
      <Filter>Source Files\cvar</Filter>
    </ClCompile>
    <ClCompile Include="..\src\game\studiomodel\CStudioModel.cpp">
      <Filter>Source Files\game\studiomodel</Filter>
    </ClCompile>
    <ClCompile Include="..\src\game\entity\CBaseAnimating.cpp">
      <Filter>Source Files\game\entity</Filter>
    </ClCompile>
    <ClCompile Include="..\src\game\entity\CBaseEntity.cpp">
      <Filter>Source Files\game\entity</Filter>
    </ClCompile>
    <ClCompile Include="..\src\game\entity\CStudioModelEntity.cpp">
      <Filter>Source Files\game\entity</Filter>
    </ClCompile>
    <ClCompile Include="..\src\game\entity\CEntityDict.cpp">
      <Filter>Source Files\game\entity</Filter>
    </ClCompile>
    <ClCompile Include="..\src\game\entity\CBaseEntityList.cpp">
      <Filter>Source Files\game\entity</Filter>
    </ClCompile>
    <ClCompile Include="..\src\game\studiomodel\StudioSorting.cpp">
      <Filter>Source Files\game\studiomodel</Filter>
    </ClCompile>
    <ClCompile Include="..\src\game\studiomodel\CStudioModelRenderer.cpp">
      <Filter>Source Files\game\studiomodel</Filter>
    </ClCompile>
    <ClCompile Include="..\src\common\CWorldTime.cpp">
      <Filter>Source Files\common</Filter>
    </ClCompile>
  </ItemGroup>
  <ItemGroup>
    <ClInclude Include="..\src\graphics\OpenGL.h">
      <Filter>Header Files\graphics</Filter>
    </ClInclude>
    <ClInclude Include="..\src\graphics\Constants.h">
      <Filter>Header Files\graphics</Filter>
    </ClInclude>
    <ClInclude Include="..\src\graphics\GraphicsHelpers.h">
      <Filter>Header Files\graphics</Filter>
    </ClInclude>
    <ClInclude Include="..\src\common\Utility.h">
      <Filter>Header Files\common</Filter>
    </ClInclude>
    <ClInclude Include="..\src\common\Logging.h">
      <Filter>Header Files\common</Filter>
    </ClInclude>
    <ClInclude Include="..\src\common\Platform.h">
      <Filter>Header Files\common</Filter>
    </ClInclude>
    <ClInclude Include="..\src\utility\mathlib.h">
      <Filter>Header Files\utility</Filter>
    </ClInclude>
    <ClInclude Include="..\src\filesystem\CFileSystem.h">
      <Filter>Header Files\filesystem</Filter>
    </ClInclude>
    <ClInclude Include="..\src\soundsystem\CSoundSystem.h">
      <Filter>Header Files\soundsystem</Filter>
    </ClInclude>
    <ClInclude Include="..\src\ui\CwxOpenGL.h">
      <Filter>Header Files\ui</Filter>
    </ClInclude>
    <ClInclude Include="..\src\ui\wxInclude.h">
      <Filter>Header Files\ui</Filter>
    </ClInclude>
    <ClInclude Include="..\src\ui\utility\CTimer.h">
      <Filter>Header Files\ui\utility</Filter>
    </ClInclude>
    <ClInclude Include="..\src\ui\utility\wxUtil.h">
      <Filter>Header Files\ui\utility</Filter>
    </ClInclude>
    <ClInclude Include="..\src\keyvalues\CKeyvalue.h">
      <Filter>Header Files\keyvalues</Filter>
    </ClInclude>
    <ClInclude Include="..\src\keyvalues\CKeyvalueNode.h">
      <Filter>Header Files\keyvalues</Filter>
    </ClInclude>
    <ClInclude Include="..\src\keyvalues\CKeyvalues.h">
      <Filter>Header Files\keyvalues</Filter>
    </ClInclude>
    <ClInclude Include="..\src\keyvalues\CKeyvaluesLexer.h">
      <Filter>Header Files\keyvalues</Filter>
    </ClInclude>
    <ClInclude Include="..\src\keyvalues\CKeyvaluesParser.h">
      <Filter>Header Files\keyvalues</Filter>
    </ClInclude>
    <ClInclude Include="..\src\keyvalues\CKeyvaluesWriter.h">
      <Filter>Header Files\keyvalues</Filter>
    </ClInclude>
    <ClInclude Include="..\src\keyvalues\CKvBlockNode.h">
      <Filter>Header Files\keyvalues</Filter>
    </ClInclude>
    <ClInclude Include="..\src\keyvalues\KeyvaluesConstants.h">
      <Filter>Header Files\keyvalues</Filter>
    </ClInclude>
    <ClInclude Include="..\src\utility\CString.h">
      <Filter>Header Files\utility</Filter>
    </ClInclude>
    <ClInclude Include="..\src\utility\CMemory.h">
      <Filter>Header Files\utility</Filter>
    </ClInclude>
    <ClInclude Include="..\src\utility\CEscapeSequences.h">
      <Filter>Header Files\utility</Filter>
    </ClInclude>
    <ClInclude Include="..\src\settings\CGameConfig.h">
      <Filter>Header Files\settings</Filter>
    </ClInclude>
    <ClInclude Include="..\src\settings\CGameConfigManager.h">
      <Filter>Header Files\settings</Filter>
    </ClInclude>
    <ClInclude Include="..\src\settings\GameConfigIO.h">
      <Filter>Header Files\settings</Filter>
    </ClInclude>
    <ClInclude Include="..\src\ui\wxLogging.h">
      <Filter>Header Files\ui</Filter>
    </ClInclude>
    <ClInclude Include="..\src\ui\utility\IWindowCloseListener.h">
      <Filter>Header Files\ui\utility</Filter>
    </ClInclude>
    <ClInclude Include="..\src\settings\CRecentFiles.h">
      <Filter>Header Files\settings</Filter>
    </ClInclude>
    <ClInclude Include="..\src\ui\shared\CMessagesWindow.h">
      <Filter>Header Files\ui\shared</Filter>
    </ClInclude>
    <ClInclude Include="..\src\ui\shared\CEditGameConfigsDialog.h">
      <Filter>Header Files\ui\shared</Filter>
    </ClInclude>
    <ClInclude Include="..\src\settings\CBaseSettings.h">
      <Filter>Header Files\settings</Filter>
    </ClInclude>
    <ClInclude Include="..\src\keyvalues\Keyvalues.h">
      <Filter>Header Files\keyvalues</Filter>
    </ClInclude>
    <ClInclude Include="..\src\soundsystem\SoundConstants.h">
      <Filter>Header Files\soundsystem</Filter>
    </ClInclude>
    <ClInclude Include="..\src\utility\Color.h">
      <Filter>Header Files\utility</Filter>
    </ClInclude>
    <ClInclude Include="..\src\utility\IOUtils.h">
      <Filter>Header Files\utility</Filter>
    </ClInclude>
    <ClInclude Include="..\src\utility\Vector.h">
      <Filter>Header Files\utility</Filter>
    </ClInclude>
    <ClInclude Include="..\src\common\Const.h">
      <Filter>Header Files\common</Filter>
    </ClInclude>
    <ClInclude Include="..\src\utility\BoundingBox.h">
      <Filter>Header Files\utility</Filter>
    </ClInclude>
    <ClInclude Include="..\src\ui\utility\CMeshClientData.h">
      <Filter>Header Files\ui\utility</Filter>
    </ClInclude>
    <ClInclude Include="..\src\ui\shared\CGameConfigurationsPanel.h">
      <Filter>Header Files\ui\shared</Filter>
    </ClInclude>
    <ClInclude Include="..\src\graphics\GLRenderTarget.h">
      <Filter>Header Files\graphics</Filter>
    </ClInclude>
    <ClInclude Include="..\src\tools\shared\CBaseTool.h">
      <Filter>Header Files\tools\shared</Filter>
    </ClInclude>
    <ClInclude Include="..\src\ui\CwxBaseApp.h">
      <Filter>Header Files\ui</Filter>
    </ClInclude>
    <ClInclude Include="..\src\filesystem\FileSystemConstants.h">
      <Filter>Header Files\filesystem</Filter>
    </ClInclude>
    <ClInclude Include="..\src\tools\shared\Credits.h">
      <Filter>Header Files\tools\shared</Filter>
    </ClInclude>
    <ClInclude Include="..\src\tools\hlmv\CHLMVState.h">
      <Filter>Header Files\tools\hlmv</Filter>
    </ClInclude>
    <ClInclude Include="..\src\tools\hlmv\settings\CHLMVSettings.h">
      <Filter>Header Files\tools\hlmv\settings</Filter>
    </ClInclude>
    <ClInclude Include="..\src\tools\hlmv\ui\C3DView.h">
      <Filter>Header Files\tools\hlmv\ui</Filter>
    </ClInclude>
    <ClInclude Include="..\src\tools\hlmv\ui\CFullscreenWindow.h">
      <Filter>Header Files\tools\hlmv\ui</Filter>
    </ClInclude>
    <ClInclude Include="..\src\tools\hlmv\ui\CHLMV.h">
      <Filter>Header Files\tools\hlmv\ui</Filter>
    </ClInclude>
    <ClInclude Include="..\src\tools\hlmv\ui\CMainPanel.h">
      <Filter>Header Files\tools\hlmv\ui</Filter>
    </ClInclude>
    <ClInclude Include="..\src\tools\hlmv\ui\CMainWindow.h">
      <Filter>Header Files\tools\hlmv\ui</Filter>
    </ClInclude>
    <ClInclude Include="..\src\tools\hlmv\ui\CModelViewerApp.h">
      <Filter>Header Files\tools\hlmv\ui</Filter>
    </ClInclude>
    <ClInclude Include="..\src\tools\hlmv\ui\wxHLMV.h">
      <Filter>Header Files\tools\hlmv\ui</Filter>
    </ClInclude>
    <ClInclude Include="..\src\tools\hlmv\ui\options\CGeneralOptions.h">
      <Filter>Header Files\tools\hlmv\ui\options</Filter>
    </ClInclude>
    <ClInclude Include="..\src\tools\hlmv\ui\options\COptionsDialog.h">
      <Filter>Header Files\tools\hlmv\ui\options</Filter>
    </ClInclude>
    <ClInclude Include="..\src\tools\hlmv\ui\controlpanels\CBaseControlPanel.h">
      <Filter>Header Files\tools\hlmv\ui\controlpanels</Filter>
    </ClInclude>
    <ClInclude Include="..\src\tools\hlmv\ui\controlpanels\CBodyPartsPanel.h">
      <Filter>Header Files\tools\hlmv\ui\controlpanels</Filter>
    </ClInclude>
    <ClInclude Include="..\src\tools\hlmv\ui\controlpanels\CFullscreenPanel.h">
      <Filter>Header Files\tools\hlmv\ui\controlpanels</Filter>
    </ClInclude>
    <ClInclude Include="..\src\tools\hlmv\ui\controlpanels\CModelDisplayPanel.h">
      <Filter>Header Files\tools\hlmv\ui\controlpanels</Filter>
    </ClInclude>
    <ClInclude Include="..\src\tools\hlmv\ui\controlpanels\CSequencesPanel.h">
      <Filter>Header Files\tools\hlmv\ui\controlpanels</Filter>
    </ClInclude>
    <ClInclude Include="..\src\tools\hlmv\ui\controlpanels\CTexturesPanel.h">
      <Filter>Header Files\tools\hlmv\ui\controlpanels</Filter>
    </ClInclude>
    <ClInclude Include="..\src\game\studiomodel\studio.h">
      <Filter>Header Files\game\studiomodel</Filter>
    </ClInclude>
    <ClInclude Include="..\src\game\Events.h">
      <Filter>Header Files\game</Filter>
    </ClInclude>
    <ClInclude Include="..\src\game\CAnimEvent.h">
      <Filter>Header Files\game</Filter>
    </ClInclude>
    <ClInclude Include="..\src\graphics\Palette.h">
      <Filter>Header Files\graphics</Filter>
    </ClInclude>
    <ClInclude Include="..\src\graphics\BMPFile.h">
      <Filter>Header Files\graphics</Filter>
    </ClInclude>
    <ClInclude Include="..\src\cvar\CBaseConCommand.h">
      <Filter>Header Files\cvar</Filter>
    </ClInclude>
    <ClInclude Include="..\src\cvar\CConCommand.h">
      <Filter>Header Files\cvar</Filter>
    </ClInclude>
    <ClInclude Include="..\src\cvar\CCVar.h">
      <Filter>Header Files\cvar</Filter>
    </ClInclude>
    <ClInclude Include="..\src\cvar\ConVarConstants.h">
      <Filter>Header Files\cvar</Filter>
    </ClInclude>
    <ClInclude Include="..\src\cvar\CVar.h">
      <Filter>Header Files\cvar</Filter>
    </ClInclude>
    <ClInclude Include="..\src\utility\Tokenization.h">
      <Filter>Header Files\utility</Filter>
    </ClInclude>
    <ClInclude Include="..\src\utility\CCommand.h">
      <Filter>Header Files\utility</Filter>
    </ClInclude>
    <ClInclude Include="..\src\cvar\CCVarSystem.h">
      <Filter>Header Files\cvar</Filter>
    </ClInclude>
    <ClInclude Include="..\src\cvar\CVarUtils.h">
      <Filter>Header Files\cvar</Filter>
    </ClInclude>
    <ClInclude Include="..\src\game\studiomodel\CStudioModel.h">
      <Filter>Header Files\game\studiomodel</Filter>
    </ClInclude>
    <ClInclude Include="..\src\common\Class.h">
      <Filter>Header Files\common</Filter>
    </ClInclude>
    <ClInclude Include="..\src\game\entity\CBaseEntity.h">
      <Filter>Header Files\game\entity</Filter>
    </ClInclude>
    <ClInclude Include="..\src\game\entity\CStudioModelEntity.h">
      <Filter>Header Files\game\entity</Filter>
    </ClInclude>
    <ClInclude Include="..\src\game\entity\CBaseAnimating.h">
      <Filter>Header Files\game\entity</Filter>
    </ClInclude>
    <ClInclude Include="..\src\game\entity\CEntityDict.h">
      <Filter>Header Files\game\entity</Filter>
    </ClInclude>
    <ClInclude Include="..\src\game\entity\CBaseEntityList.h">
      <Filter>Header Files\game\entity</Filter>
    </ClInclude>
    <ClInclude Include="..\src\game\entity\EntityConstants.h">
      <Filter>Header Files\game\entity</Filter>
    </ClInclude>
    <ClInclude Include="..\src\game\studiomodel\StudioSorting.h">
      <Filter>Header Files\game\studiomodel</Filter>
    </ClInclude>
    <ClInclude Include="..\src\game\studiomodel\CStudioModelRenderer.h">
      <Filter>Header Files\game\studiomodel</Filter>
    </ClInclude>
    <ClInclude Include="..\src\common\CWorldTime.h">
      <Filter>Header Files\common</Filter>
    </ClInclude>
  </ItemGroup>
  <ItemGroup>
    <ResourceCompile Include="..\src\msw\tools\hlmv.rc">
      <Filter>Resource Files</Filter>
    </ResourceCompile>
  </ItemGroup>
</Project>