<?xml version="1.0" encoding="utf-8"?>
<Project ToolsVersion="4.0" xmlns="http://schemas.microsoft.com/developer/msbuild/2003">
  <ItemGroup>
    <Filter Include="Source Files">
      <UniqueIdentifier>{4FC737F1-C7A5-4376-A066-2A32D752A2FF}</UniqueIdentifier>
      <Extensions>cpp;c;cc;cxx;def;odl;idl;hpj;bat;asm;asmx</Extensions>
    </Filter>
    <Filter Include="Header Files">
      <UniqueIdentifier>{93995380-89BD-4b04-88EB-625FBE52EBFB}</UniqueIdentifier>
      <Extensions>h;hh;hpp;hxx;hm;inl;inc;xsd</Extensions>
    </Filter>
    <Filter Include="Resource Files">
      <UniqueIdentifier>{67DA6AB6-F800-4c08-8B7A-83BB121AAD01}</UniqueIdentifier>
      <Extensions>rc;ico;cur;bmp;dlg;rc2;rct;bin;rgs;gif;jpg;jpeg;jpe;resx;tiff;tif;png;wav;mfcribbon-ms</Extensions>
    </Filter>
    <Filter Include="Header Files\graphics">
      <UniqueIdentifier>{a8cc43f3-adc8-40e6-83bf-e50ef343feec}</UniqueIdentifier>
    </Filter>
    <Filter Include="Source Files\graphics">
      <UniqueIdentifier>{6c61afb5-133b-41bf-bdbd-f19d1b0f536d}</UniqueIdentifier>
    </Filter>
    <Filter Include="Header Files\tools">
      <UniqueIdentifier>{430dbb2b-f132-4e72-9fa0-ba50777487fb}</UniqueIdentifier>
    </Filter>
    <Filter Include="Header Files\tools\shared">
      <UniqueIdentifier>{4846e60a-91ab-4fdf-bd67-01ee912246c7}</UniqueIdentifier>
    </Filter>
    <Filter Include="Source Files\tools">
      <UniqueIdentifier>{c42c5e25-9a0d-4a6c-bf11-999d3ed80267}</UniqueIdentifier>
    </Filter>
    <Filter Include="Source Files\tools\shared">
      <UniqueIdentifier>{1bfc15c9-36cc-411f-a732-4b1119e81a93}</UniqueIdentifier>
    </Filter>
    <Filter Include="Header Files\tools\hlmv">
      <UniqueIdentifier>{ad8ee034-9073-47db-8d07-3730cbcfe731}</UniqueIdentifier>
    </Filter>
    <Filter Include="Header Files\tools\hlmv\settings">
      <UniqueIdentifier>{0d7d4681-d890-4e7c-a47c-3ca8488fb087}</UniqueIdentifier>
    </Filter>
    <Filter Include="Header Files\tools\hlmv\ui">
      <UniqueIdentifier>{8f77206d-e265-4ff0-bc24-5954cf67157d}</UniqueIdentifier>
    </Filter>
    <Filter Include="Source Files\tools\hlmv">
      <UniqueIdentifier>{4ac289ec-45b7-473c-b479-282616ca2e2e}</UniqueIdentifier>
    </Filter>
    <Filter Include="Source Files\tools\hlmv\settings">
      <UniqueIdentifier>{e6f5fb2c-cef0-48f9-8e4b-9f42d202ec92}</UniqueIdentifier>
    </Filter>
    <Filter Include="Source Files\tools\hlmv\ui">
      <UniqueIdentifier>{287e57a6-157c-40aa-8f29-d9a21576a23c}</UniqueIdentifier>
    </Filter>
    <Filter Include="Header Files\tools\hlmv\ui\options">
      <UniqueIdentifier>{ef2caafa-a624-4335-99b1-0f6fb1bd2545}</UniqueIdentifier>
    </Filter>
    <Filter Include="Source Files\tools\hlmv\ui\options">
      <UniqueIdentifier>{3ce11baf-9c61-4db5-a715-2be82331b398}</UniqueIdentifier>
    </Filter>
    <Filter Include="Header Files\tools\hlmv\ui\controlpanels">
      <UniqueIdentifier>{fcf37bda-d1fb-4082-9306-4abbfa3592f2}</UniqueIdentifier>
    </Filter>
    <Filter Include="Source Files\tools\hlmv\ui\controlpanels">
      <UniqueIdentifier>{2818c960-9b05-403d-802b-feeee28fa899}</UniqueIdentifier>
    </Filter>
    <Filter Include="Header Files\game">
      <UniqueIdentifier>{58f6fb94-cca1-46c3-834b-6e074558f469}</UniqueIdentifier>
    </Filter>
    <Filter Include="Source Files\game">
      <UniqueIdentifier>{faeb3001-0b1a-4461-8a6b-3b783a3f02f5}</UniqueIdentifier>
    </Filter>
    <Filter Include="Source Files\game\entity">
      <UniqueIdentifier>{5da57973-c54f-43c0-9505-78b2444eb3db}</UniqueIdentifier>
    </Filter>
    <Filter Include="Header Files\game\entity">
      <UniqueIdentifier>{b9f2852e-7db8-41f0-8be0-6e31f1a1a41f}</UniqueIdentifier>
    </Filter>
    <Filter Include="Header Files\tools\hlmv\entity">
      <UniqueIdentifier>{66662a63-6b7f-408d-a85b-09c1e7c9a593}</UniqueIdentifier>
    </Filter>
    <Filter Include="Source Files\tools\hlmv\entity">
      <UniqueIdentifier>{97a674fd-7541-4e39-ba73-ebdf0ccad66c}</UniqueIdentifier>
    </Filter>
    <Filter Include="Header Files\ui">
      <UniqueIdentifier>{d944b2ec-b139-4d1f-bd20-55c536ca1e1d}</UniqueIdentifier>
    </Filter>
    <Filter Include="Header Files\ui\wx">
      <UniqueIdentifier>{e2d9fa8c-9dd4-47fa-ad23-e92c1888303a}</UniqueIdentifier>
    </Filter>
    <Filter Include="Source Files\ui">
      <UniqueIdentifier>{0a3db060-dce7-4ec4-abf7-7e833d029d92}</UniqueIdentifier>
    </Filter>
    <Filter Include="Source Files\ui\wx">
      <UniqueIdentifier>{34cd148f-94b7-45a6-b985-366607350bf1}</UniqueIdentifier>
    </Filter>
    <Filter Include="Header Files\ui\wx\shared">
      <UniqueIdentifier>{96761eec-8d6f-4843-a1ec-79c03e0ae63b}</UniqueIdentifier>
    </Filter>
    <Filter Include="Source Files\ui\wx\shared">
      <UniqueIdentifier>{c5a8971f-b70c-4793-9dbc-6bf3eb714007}</UniqueIdentifier>
    </Filter>
    <Filter Include="Header Files\ui\wx\utility">
      <UniqueIdentifier>{5bcf2d1e-5cbc-49aa-a945-5d5e126aa491}</UniqueIdentifier>
    </Filter>
    <Filter Include="Source Files\ui\wx\utility">
      <UniqueIdentifier>{5b24a20a-49ba-45aa-8857-fe04a0e559fe}</UniqueIdentifier>
    </Filter>
    <Filter Include="Header Files\lib">
      <UniqueIdentifier>{10ddbcbf-e58d-4f87-93b4-cf993f48e3f3}</UniqueIdentifier>
    </Filter>
    <Filter Include="Source Files\lib">
      <UniqueIdentifier>{a29b46bb-aa08-44a4-9370-87641fbe5d34}</UniqueIdentifier>
    </Filter>
    <Filter Include="Header Files\tools\shared\ui">
      <UniqueIdentifier>{daed5e8c-d780-44fe-9998-a5fa1d62f8c8}</UniqueIdentifier>
    </Filter>
    <Filter Include="Source Files\tools\shared\ui">
      <UniqueIdentifier>{9a4ec907-a79a-4e39-9875-d9307f86be9a}</UniqueIdentifier>
    </Filter>
  </ItemGroup>
  <ItemGroup>
    <ClCompile Include="..\src\graphics\GraphicsHelpers.cpp">
      <Filter>Source Files\graphics</Filter>
    </ClCompile>
    <ClCompile Include="..\src\graphics\Constants.cpp">
      <Filter>Source Files\graphics</Filter>
    </ClCompile>
    <ClCompile Include="..\src\tools\shared\CBaseTool.cpp">
      <Filter>Source Files\tools\shared</Filter>
    </ClCompile>
    <ClCompile Include="..\src\tools\shared\Credits.cpp">
      <Filter>Source Files\tools\shared</Filter>
    </ClCompile>
    <ClCompile Include="..\src\tools\hlmv\settings\CHLMVSettings.cpp">
      <Filter>Source Files\tools\hlmv\settings</Filter>
    </ClCompile>
    <ClCompile Include="..\src\tools\hlmv\CHLMVState.cpp">
      <Filter>Source Files\tools\hlmv</Filter>
    </ClCompile>
    <ClCompile Include="..\src\tools\hlmv\ui\C3DView.cpp">
      <Filter>Source Files\tools\hlmv\ui</Filter>
    </ClCompile>
    <ClCompile Include="..\src\tools\hlmv\ui\CFullscreenWindow.cpp">
      <Filter>Source Files\tools\hlmv\ui</Filter>
    </ClCompile>
    <ClCompile Include="..\src\tools\hlmv\ui\CHLMV.cpp">
      <Filter>Source Files\tools\hlmv\ui</Filter>
    </ClCompile>
    <ClCompile Include="..\src\tools\hlmv\ui\CMainPanel.cpp">
      <Filter>Source Files\tools\hlmv\ui</Filter>
    </ClCompile>
    <ClCompile Include="..\src\tools\hlmv\ui\CMainWindow.cpp">
      <Filter>Source Files\tools\hlmv\ui</Filter>
    </ClCompile>
    <ClCompile Include="..\src\tools\hlmv\ui\CModelViewerApp.cpp">
      <Filter>Source Files\tools\hlmv\ui</Filter>
    </ClCompile>
    <ClCompile Include="..\src\tools\hlmv\ui\options\CGeneralOptions.cpp">
      <Filter>Source Files\tools\hlmv\ui\options</Filter>
    </ClCompile>
    <ClCompile Include="..\src\tools\hlmv\ui\options\COptionsDialog.cpp">
      <Filter>Source Files\tools\hlmv\ui\options</Filter>
    </ClCompile>
    <ClCompile Include="..\src\tools\hlmv\ui\controlpanels\CBaseControlPanel.cpp">
      <Filter>Source Files\tools\hlmv\ui\controlpanels</Filter>
    </ClCompile>
    <ClCompile Include="..\src\tools\hlmv\ui\controlpanels\CBodyPartsPanel.cpp">
      <Filter>Source Files\tools\hlmv\ui\controlpanels</Filter>
    </ClCompile>
    <ClCompile Include="..\src\tools\hlmv\ui\controlpanels\CFullscreenPanel.cpp">
      <Filter>Source Files\tools\hlmv\ui\controlpanels</Filter>
    </ClCompile>
    <ClCompile Include="..\src\tools\hlmv\ui\controlpanels\CModelDisplayPanel.cpp">
      <Filter>Source Files\tools\hlmv\ui\controlpanels</Filter>
    </ClCompile>
    <ClCompile Include="..\src\tools\hlmv\ui\controlpanels\CSequencesPanel.cpp">
      <Filter>Source Files\tools\hlmv\ui\controlpanels</Filter>
    </ClCompile>
    <ClCompile Include="..\src\tools\hlmv\ui\controlpanels\CTexturesPanel.cpp">
      <Filter>Source Files\tools\hlmv\ui\controlpanels</Filter>
    </ClCompile>
    <ClCompile Include="..\src\game\entity\CBaseAnimating.cpp">
      <Filter>Source Files\game\entity</Filter>
    </ClCompile>
    <ClCompile Include="..\src\game\entity\CBaseEntity.cpp">
      <Filter>Source Files\game\entity</Filter>
    </ClCompile>
    <ClCompile Include="..\src\game\entity\CStudioModelEntity.cpp">
      <Filter>Source Files\game\entity</Filter>
    </ClCompile>
    <ClCompile Include="..\src\game\entity\CEntityDict.cpp">
      <Filter>Source Files\game\entity</Filter>
    </ClCompile>
    <ClCompile Include="..\src\game\entity\CBaseEntityList.cpp">
      <Filter>Source Files\game\entity</Filter>
    </ClCompile>
    <ClCompile Include="..\src\game\entity\CEntityManager.cpp">
      <Filter>Source Files\game\entity</Filter>
    </ClCompile>
    <ClCompile Include="..\src\game\entity\EHandle.cpp">
      <Filter>Source Files\game\entity</Filter>
    </ClCompile>
    <ClCompile Include="..\src\tools\hlmv\entity\CHLMVStudioModelEntity.cpp">
      <Filter>Source Files\tools\hlmv\entity</Filter>
    </ClCompile>
    <ClCompile Include="..\src\ui\wx\CwxBaseApp.cpp">
      <Filter>Source Files\ui\wx</Filter>
    </ClCompile>
    <ClCompile Include="..\src\ui\wx\CwxOpenGL.cpp">
      <Filter>Source Files\ui\wx</Filter>
    </ClCompile>
    <ClCompile Include="..\src\ui\wx\wxLogging.cpp">
      <Filter>Source Files\ui\wx</Filter>
    </ClCompile>
    <ClCompile Include="..\src\ui\wx\shared\CEditGameConfigsDialog.cpp">
      <Filter>Source Files\ui\wx\shared</Filter>
    </ClCompile>
    <ClCompile Include="..\src\ui\wx\shared\CGameConfigurationsPanel.cpp">
      <Filter>Source Files\ui\wx\shared</Filter>
    </ClCompile>
    <ClCompile Include="..\src\ui\wx\shared\CMessagesWindow.cpp">
      <Filter>Source Files\ui\wx\shared</Filter>
    </ClCompile>
    <ClCompile Include="..\src\ui\wx\shared\CwxBaseGLCanvas.cpp">
      <Filter>Source Files\ui\wx\shared</Filter>
    </ClCompile>
    <ClCompile Include="..\src\ui\wx\utility\wxUtil.cpp">
      <Filter>Source Files\ui\wx\utility</Filter>
    </ClCompile>
    <ClCompile Include="..\src\lib\CLibrary.cpp">
      <Filter>Source Files\lib</Filter>
    </ClCompile>
    <ClCompile Include="..\src\lib\LibInterface.cpp">
      <Filter>Source Files\lib</Filter>
    </ClCompile>
    <ClCompile Include="..\src\ui\wx\utility\CwxRecentFiles.cpp">
      <Filter>Source Files\ui\wx\utility</Filter>
    </ClCompile>
    <ClCompile Include="..\src\ui\wx\shared\CwxBaseFrame.cpp">
      <Filter>Source Files\ui\wx\shared</Filter>
    </ClCompile>
    <ClCompile Include="..\src\ui\wx\shared\CwxBase3DView.cpp">
      <Filter>Source Files\ui\wx\shared</Filter>
    </ClCompile>
    <ClCompile Include="..\src\tools\hlmv\ui\controlpanels\CAttachmentsPanel.cpp">
      <Filter>Source Files\tools\hlmv\ui\controlpanels</Filter>
    </ClCompile>
    <ClCompile Include="..\src\tools\hlmv\ui\options\CCompilerOptions.cpp">
      <Filter>Source Files\tools\hlmv\ui\options</Filter>
    </ClCompile>
    <ClCompile Include="..\src\ui\wx\shared\CProcessDialog.cpp">
      <Filter>Source Files\ui\wx\shared</Filter>
    </ClCompile>
    <ClCompile Include="..\src\tools\hlmv\ui\controlpanels\CBonesPanel.cpp">
      <Filter>Source Files\tools\hlmv\ui\controlpanels</Filter>
    </ClCompile>
    <ClCompile Include="..\src\tools\shared\ui\CStudioTypesCheatSheet.cpp">
      <Filter>Source Files\tools\shared\ui</Filter>
    </ClCompile>
    <ClCompile Include="..\src\ui\wx\shared\CFOVCtrl.cpp">
      <Filter>Source Files\ui\wx\shared</Filter>
    </ClCompile>
    <ClCompile Include="..\src\ui\wx\shared\CCmdLineConfigDialog.cpp">
      <Filter>Source Files\ui\wx\shared</Filter>
    </ClCompile>
    <ClCompile Include="..\src\ui\wx\shared\CEditEventsDialog.cpp">
      <Filter>Source Files\ui\wx\shared</Filter>
    </ClCompile>
    <ClCompile Include="..\src\ui\wx\shared\CEditCmdLineConfigDialog.cpp">
      <Filter>Source Files\ui\wx\shared</Filter>
    </ClCompile>
  </ItemGroup>
  <ItemGroup>
    <ClInclude Include="..\src\graphics\Constants.h">
      <Filter>Header Files\graphics</Filter>
    </ClInclude>
    <ClInclude Include="..\src\graphics\GraphicsHelpers.h">
      <Filter>Header Files\graphics</Filter>
    </ClInclude>
    <ClInclude Include="..\src\tools\shared\CBaseTool.h">
      <Filter>Header Files\tools\shared</Filter>
    </ClInclude>
    <ClInclude Include="..\src\tools\shared\Credits.h">
      <Filter>Header Files\tools\shared</Filter>
    </ClInclude>
    <ClInclude Include="..\src\tools\hlmv\CHLMVState.h">
      <Filter>Header Files\tools\hlmv</Filter>
    </ClInclude>
    <ClInclude Include="..\src\tools\hlmv\settings\CHLMVSettings.h">
      <Filter>Header Files\tools\hlmv\settings</Filter>
    </ClInclude>
    <ClInclude Include="..\src\tools\hlmv\ui\C3DView.h">
      <Filter>Header Files\tools\hlmv\ui</Filter>
    </ClInclude>
    <ClInclude Include="..\src\tools\hlmv\ui\CFullscreenWindow.h">
      <Filter>Header Files\tools\hlmv\ui</Filter>
    </ClInclude>
    <ClInclude Include="..\src\tools\hlmv\ui\CHLMV.h">
      <Filter>Header Files\tools\hlmv\ui</Filter>
    </ClInclude>
    <ClInclude Include="..\src\tools\hlmv\ui\CMainPanel.h">
      <Filter>Header Files\tools\hlmv\ui</Filter>
    </ClInclude>
    <ClInclude Include="..\src\tools\hlmv\ui\CMainWindow.h">
      <Filter>Header Files\tools\hlmv\ui</Filter>
    </ClInclude>
    <ClInclude Include="..\src\tools\hlmv\ui\CModelViewerApp.h">
      <Filter>Header Files\tools\hlmv\ui</Filter>
    </ClInclude>
    <ClInclude Include="..\src\tools\hlmv\ui\wxHLMV.h">
      <Filter>Header Files\tools\hlmv\ui</Filter>
    </ClInclude>
    <ClInclude Include="..\src\tools\hlmv\ui\options\CGeneralOptions.h">
      <Filter>Header Files\tools\hlmv\ui\options</Filter>
    </ClInclude>
    <ClInclude Include="..\src\tools\hlmv\ui\options\COptionsDialog.h">
      <Filter>Header Files\tools\hlmv\ui\options</Filter>
    </ClInclude>
    <ClInclude Include="..\src\tools\hlmv\ui\controlpanels\CBaseControlPanel.h">
      <Filter>Header Files\tools\hlmv\ui\controlpanels</Filter>
    </ClInclude>
    <ClInclude Include="..\src\tools\hlmv\ui\controlpanels\CBodyPartsPanel.h">
      <Filter>Header Files\tools\hlmv\ui\controlpanels</Filter>
    </ClInclude>
    <ClInclude Include="..\src\tools\hlmv\ui\controlpanels\CFullscreenPanel.h">
      <Filter>Header Files\tools\hlmv\ui\controlpanels</Filter>
    </ClInclude>
    <ClInclude Include="..\src\tools\hlmv\ui\controlpanels\CModelDisplayPanel.h">
      <Filter>Header Files\tools\hlmv\ui\controlpanels</Filter>
    </ClInclude>
    <ClInclude Include="..\src\tools\hlmv\ui\controlpanels\CSequencesPanel.h">
      <Filter>Header Files\tools\hlmv\ui\controlpanels</Filter>
    </ClInclude>
    <ClInclude Include="..\src\tools\hlmv\ui\controlpanels\CTexturesPanel.h">
      <Filter>Header Files\tools\hlmv\ui\controlpanels</Filter>
    </ClInclude>
    <ClInclude Include="..\src\game\entity\CBaseEntity.h">
      <Filter>Header Files\game\entity</Filter>
    </ClInclude>
    <ClInclude Include="..\src\game\entity\CStudioModelEntity.h">
      <Filter>Header Files\game\entity</Filter>
    </ClInclude>
    <ClInclude Include="..\src\game\entity\CBaseAnimating.h">
      <Filter>Header Files\game\entity</Filter>
    </ClInclude>
    <ClInclude Include="..\src\game\entity\CEntityDict.h">
      <Filter>Header Files\game\entity</Filter>
    </ClInclude>
    <ClInclude Include="..\src\game\entity\CBaseEntityList.h">
      <Filter>Header Files\game\entity</Filter>
    </ClInclude>
    <ClInclude Include="..\src\game\entity\EntityConstants.h">
      <Filter>Header Files\game\entity</Filter>
    </ClInclude>
    <ClInclude Include="..\src\game\entity\CEntityManager.h">
      <Filter>Header Files\game\entity</Filter>
    </ClInclude>
    <ClInclude Include="..\src\game\entity\EHandle.h">
      <Filter>Header Files\game\entity</Filter>
    </ClInclude>
    <ClInclude Include="..\src\tools\hlmv\entity\CHLMVStudioModelEntity.h">
      <Filter>Header Files\tools\hlmv\entity</Filter>
    </ClInclude>
    <ClInclude Include="..\src\ui\wx\CwxBaseApp.h">
      <Filter>Header Files\ui\wx</Filter>
    </ClInclude>
    <ClInclude Include="..\src\ui\wx\CwxOpenGL.h">
      <Filter>Header Files\ui\wx</Filter>
    </ClInclude>
    <ClInclude Include="..\src\ui\wx\wxInclude.h">
      <Filter>Header Files\ui\wx</Filter>
    </ClInclude>
    <ClInclude Include="..\src\ui\wx\wxLogging.h">
      <Filter>Header Files\ui\wx</Filter>
    </ClInclude>
    <ClInclude Include="..\src\ui\wx\shared\CEditGameConfigsDialog.h">
      <Filter>Header Files\ui\wx\shared</Filter>
    </ClInclude>
    <ClInclude Include="..\src\ui\wx\shared\CGameConfigurationsPanel.h">
      <Filter>Header Files\ui\wx\shared</Filter>
    </ClInclude>
    <ClInclude Include="..\src\ui\wx\shared\CMessagesWindow.h">
      <Filter>Header Files\ui\wx\shared</Filter>
    </ClInclude>
    <ClInclude Include="..\src\ui\wx\shared\CwxBaseGLCanvas.h">
      <Filter>Header Files\ui\wx\shared</Filter>
    </ClInclude>
    <ClInclude Include="..\src\ui\wx\utility\CMeshClientData.h">
      <Filter>Header Files\ui\wx\utility</Filter>
    </ClInclude>
    <ClInclude Include="..\src\ui\wx\utility\CTimer.h">
      <Filter>Header Files\ui\wx\utility</Filter>
    </ClInclude>
    <ClInclude Include="..\src\ui\wx\utility\IWindowCloseListener.h">
      <Filter>Header Files\ui\wx\utility</Filter>
    </ClInclude>
    <ClInclude Include="..\src\ui\wx\utility\wxUtil.h">
      <Filter>Header Files\ui\wx\utility</Filter>
    </ClInclude>
    <ClInclude Include="..\src\lib\CLibrary.h">
      <Filter>Header Files\lib</Filter>
    </ClInclude>
    <ClInclude Include="..\src\lib\LibInterface.h">
      <Filter>Header Files\lib</Filter>
    </ClInclude>
    <ClInclude Include="..\src\ui\wx\utility\CwxRecentFiles.h">
      <Filter>Header Files\ui\wx\utility</Filter>
    </ClInclude>
    <ClInclude Include="..\src\ui\wx\shared\CwxBaseFrame.h">
      <Filter>Header Files\ui\wx\shared</Filter>
    </ClInclude>
    <ClInclude Include="..\src\ui\wx\shared\CwxBase3DView.h">
      <Filter>Header Files\ui\wx\shared</Filter>
    </ClInclude>
    <ClInclude Include="..\src\tools\hlmv\ui\controlpanels\CAttachmentsPanel.h">
      <Filter>Header Files\tools\hlmv\ui\controlpanels</Filter>
    </ClInclude>
    <ClInclude Include="..\src\tools\hlmv\ui\options\CCompilerOptions.h">
      <Filter>Header Files\tools\hlmv\ui\options</Filter>
    </ClInclude>
    <ClInclude Include="..\src\ui\wx\shared\CProcessDialog.h">
      <Filter>Header Files\ui\wx\shared</Filter>
    </ClInclude>
    <ClInclude Include="..\src\tools\hlmv\ui\controlpanels\CBonesPanel.h">
      <Filter>Header Files\tools\hlmv\ui\controlpanels</Filter>
    </ClInclude>
    <ClInclude Include="..\src\tools\shared\ui\CStudioTypesCheatSheet.h">
      <Filter>Header Files\tools\shared\ui</Filter>
    </ClInclude>
    <ClInclude Include="..\src\tools\hlmv\ui\MouseOpFlag.h">
      <Filter>Header Files\tools\hlmv\ui</Filter>
    </ClInclude>
    <ClInclude Include="..\src\ui\wx\shared\CFOVCtrl.h">
      <Filter>Header Files\ui\wx\shared</Filter>
    </ClInclude>
    <ClInclude Include="..\src\ui\wx\shared\CCmdLineConfigDialog.h">
      <Filter>Header Files\ui\wx\shared</Filter>
    </ClInclude>
    <ClInclude Include="..\src\ui\wx\shared\CEditEventsDialog.h">
      <Filter>Header Files\ui\wx\shared</Filter>
    </ClInclude>
    <ClInclude Include="..\src\ui\wx\shared\CEditCmdLineConfigDialog.h">
      <Filter>Header Files\ui\wx\shared</Filter>
    </ClInclude>
  </ItemGroup>
  <ItemGroup>
    <ResourceCompile Include="..\src\msw\tools\hlmv.rc">
      <Filter>Resource Files</Filter>
    </ResourceCompile>
  </ItemGroup>
</Project>