<?xml version="1.0" encoding="utf-8"?>
<Project ToolsVersion="4.0" xmlns="http://schemas.microsoft.com/developer/msbuild/2003">
  <ItemGroup>
    <Filter Include="Source Files">
      <UniqueIdentifier>{4FC737F1-C7A5-4376-A066-2A32D752A2FF}</UniqueIdentifier>
      <Extensions>cpp;c;cc;cxx;def;odl;idl;hpj;bat;asm;asmx</Extensions>
    </Filter>
    <Filter Include="Header Files">
      <UniqueIdentifier>{93995380-89BD-4b04-88EB-625FBE52EBFB}</UniqueIdentifier>
      <Extensions>h;hh;hpp;hxx;hm;inl;inc;xsd</Extensions>
    </Filter>
    <Filter Include="Resource Files">
      <UniqueIdentifier>{67DA6AB6-F800-4c08-8B7A-83BB121AAD01}</UniqueIdentifier>
      <Extensions>rc;ico;cur;bmp;dlg;rc2;rct;bin;rgs;gif;jpg;jpeg;jpe;resx;tiff;tif;png;wav;mfcribbon-ms</Extensions>
    </Filter>
    <Filter Include="Header Files\stdlib">
      <UniqueIdentifier>{19cf9ddf-8cab-4bb3-9113-e1108038e2bd}</UniqueIdentifier>
    </Filter>
    <Filter Include="Source Files\stdlib">
      <UniqueIdentifier>{4a871202-4a7d-4cfe-9b82-bac47c1a9b22}</UniqueIdentifier>
    </Filter>
    <Filter Include="Header Files\stdlib\utility">
      <UniqueIdentifier>{d60778e0-a1cf-4292-8f15-4dc630fdda08}</UniqueIdentifier>
    </Filter>
    <Filter Include="Source Files\stdlib\utility">
      <UniqueIdentifier>{283be93c-0b33-432e-8c08-f16b412b947d}</UniqueIdentifier>
    </Filter>
    <Filter Include="Header Files\stdlib\settings">
      <UniqueIdentifier>{f20b36ed-865d-41d6-a8dc-225231552e79}</UniqueIdentifier>
    </Filter>
    <Filter Include="Source Files\stdlib\settings">
      <UniqueIdentifier>{292e56c4-0d38-421c-a296-dbef02536158}</UniqueIdentifier>
    </Filter>
    <Filter Include="Header Files\stdlib\graphics">
      <UniqueIdentifier>{b7d5025c-3c59-4230-9db2-7116933e10ea}</UniqueIdentifier>
    </Filter>
    <Filter Include="Source Files\stdlib\graphics">
      <UniqueIdentifier>{74b55c31-61ee-4317-8050-ff1d335ab919}</UniqueIdentifier>
    </Filter>
    <Filter Include="Header Files\engine">
      <UniqueIdentifier>{0a55166f-1465-4217-959d-8fe48fc3b7f4}</UniqueIdentifier>
    </Filter>
    <Filter Include="Header Files\engine\shared">
      <UniqueIdentifier>{647e11d3-be9b-475b-9e2c-b86f965d120c}</UniqueIdentifier>
    </Filter>
    <Filter Include="Header Files\engine\shared\studiomodel">
      <UniqueIdentifier>{239240b5-ecad-4a03-92d6-90415bd6faac}</UniqueIdentifier>
    </Filter>
    <Filter Include="Source Files\engine">
      <UniqueIdentifier>{35ec1354-cc76-4fd6-8fe8-568b6cb780c5}</UniqueIdentifier>
    </Filter>
    <Filter Include="Source Files\engine\shared">
      <UniqueIdentifier>{f996440b-4239-45d4-832c-f21dbed66ace}</UniqueIdentifier>
    </Filter>
    <Filter Include="Source Files\engine\shared\studiomodel">
      <UniqueIdentifier>{bb4bc543-a802-4d8c-8a54-58e41b1909b7}</UniqueIdentifier>
    </Filter>
    <Filter Include="Header Files\stdlib\html">
      <UniqueIdentifier>{628613ab-3973-46f3-bd2f-1d9eeb56a1f3}</UniqueIdentifier>
    </Filter>
    <Filter Include="Source Files\stdlib\html">
      <UniqueIdentifier>{c6f2dc13-6bc9-4990-b663-db527b01a364}</UniqueIdentifier>
    </Filter>
    <Filter Include="Header Files\lib">
      <UniqueIdentifier>{9de24d78-de3b-434f-8a8a-92f68a819673}</UniqueIdentifier>
    </Filter>
    <Filter Include="Header Files\cvar">
      <UniqueIdentifier>{824bcb18-6dc8-4723-885b-5490313820dd}</UniqueIdentifier>
    </Filter>
    <Filter Include="Source Files\cvar">
      <UniqueIdentifier>{fd1902bd-35ff-40a9-8416-d686dceee91d}</UniqueIdentifier>
    </Filter>
    <Filter Include="Header Files\engine\shared\sprite">
      <UniqueIdentifier>{aa82061f-dd70-40af-94d9-a1d03d4d11e0}</UniqueIdentifier>
    </Filter>
    <Filter Include="Source Files\engine\shared\sprite">
      <UniqueIdentifier>{26309068-4a4e-4a5b-8d50-4233a32517e9}</UniqueIdentifier>
    </Filter>
    <Filter Include="Header Files\app">
      <UniqueIdentifier>{3a2dd229-fae4-4d07-9d03-e9e608862062}</UniqueIdentifier>
    </Filter>
    <Filter Include="Source Files\app">
      <UniqueIdentifier>{8f73099f-fcf9-4eb1-bf54-110425ab2c28}</UniqueIdentifier>
    </Filter>
    <Filter Include="Source Files\lib">
      <UniqueIdentifier>{2998fb97-fd10-4f52-adbf-ab031fe0e243}</UniqueIdentifier>
    </Filter>
  </ItemGroup>
  <ItemGroup>
    <ClInclude Include="..\src\stdlib\utility\CString.h">
      <Filter>Header Files\stdlib\utility</Filter>
    </ClInclude>
    <ClInclude Include="..\src\stdlib\utility\StringUtils.h">
      <Filter>Header Files\stdlib\utility</Filter>
    </ClInclude>
    <ClInclude Include="..\src\stdlib\utility\CMemory.h">
      <Filter>Header Files\stdlib\utility</Filter>
    </ClInclude>
    <ClInclude Include="..\src\stdlib\utility\CCommand.h">
      <Filter>Header Files\stdlib\utility</Filter>
    </ClInclude>
    <ClInclude Include="..\src\stdlib\utility\Tokenization.h">
      <Filter>Header Files\stdlib\utility</Filter>
    </ClInclude>
    <ClInclude Include="..\src\stdlib\utility\BoundingBox.h">
      <Filter>Header Files\stdlib\utility</Filter>
    </ClInclude>
    <ClInclude Include="..\src\stdlib\utility\CEscapeSequences.h">
      <Filter>Header Files\stdlib\utility</Filter>
    </ClInclude>
    <ClInclude Include="..\src\stdlib\utility\Color.h">
      <Filter>Header Files\stdlib\utility</Filter>
    </ClInclude>
    <ClInclude Include="..\src\stdlib\utility\mathlib.h">
      <Filter>Header Files\stdlib\utility</Filter>
    </ClInclude>
    <ClInclude Include="..\src\stdlib\settings\CBaseSettings.h">
      <Filter>Header Files\stdlib\settings</Filter>
    </ClInclude>
    <ClInclude Include="..\src\stdlib\settings\CGameConfig.h">
      <Filter>Header Files\stdlib\settings</Filter>
    </ClInclude>
    <ClInclude Include="..\src\stdlib\settings\CRecentFiles.h">
      <Filter>Header Files\stdlib\settings</Filter>
    </ClInclude>
    <ClInclude Include="..\src\stdlib\settings\GameConfigIO.h">
      <Filter>Header Files\stdlib\settings</Filter>
    </ClInclude>
    <ClInclude Include="..\src\stdlib\graphics\BMPFile.h">
      <Filter>Header Files\stdlib\graphics</Filter>
    </ClInclude>
    <ClInclude Include="..\src\stdlib\graphics\Palette.h">
      <Filter>Header Files\stdlib\graphics</Filter>
    </ClInclude>
    <ClInclude Include="..\src\stdlib\utility\IOUtils.h">
      <Filter>Header Files\stdlib\utility</Filter>
    </ClInclude>
    <ClInclude Include="..\src\stdlib\graphics\GLRenderTarget.h">
      <Filter>Header Files\stdlib\graphics</Filter>
    </ClInclude>
    <ClInclude Include="..\src\stdlib\graphics\OpenGL.h">
      <Filter>Header Files\stdlib\graphics</Filter>
    </ClInclude>
    <ClInclude Include="..\src\engine\shared\studiomodel\studio.h">
      <Filter>Header Files\engine\shared\studiomodel</Filter>
    </ClInclude>
    <ClInclude Include="..\src\html\CHTMLBody.h">
      <Filter>Header Files\stdlib\html</Filter>
    </ClInclude>
    <ClInclude Include="..\src\html\CHTMLComposite.h">
      <Filter>Header Files\stdlib\html</Filter>
    </ClInclude>
    <ClInclude Include="..\src\html\CHTMLElement.h">
      <Filter>Header Files\stdlib\html</Filter>
    </ClInclude>
    <ClInclude Include="..\src\html\CHTMLHeader.h">
      <Filter>Header Files\stdlib\html</Filter>
    </ClInclude>
    <ClInclude Include="..\src\html\CHTMLPage.h">
      <Filter>Header Files\stdlib\html</Filter>
    </ClInclude>
    <ClInclude Include="..\src\html\IHTMLObject.h">
      <Filter>Header Files\stdlib\html</Filter>
    </ClInclude>
    <ClInclude Include="..\src\lib\ILibSystem.h">
      <Filter>Header Files\lib</Filter>
    </ClInclude>
    <ClInclude Include="..\src\stdlib\utility\ByteSwap.h">
      <Filter>Header Files\stdlib\utility</Filter>
    </ClInclude>
    <ClInclude Include="..\src\stdlib\graphics\CCamera.h">
      <Filter>Header Files\stdlib\graphics</Filter>
    </ClInclude>
    <ClInclude Include="..\src\engine\shared\studiomodel\CStudioModel.h">
      <Filter>Header Files\engine\shared\studiomodel</Filter>
    </ClInclude>
    <ClInclude Include="..\src\cvar\CBaseConCommand.h">
      <Filter>Header Files\cvar</Filter>
    </ClInclude>
    <ClInclude Include="..\src\cvar\CConCommand.h">
      <Filter>Header Files\cvar</Filter>
    </ClInclude>
    <ClInclude Include="..\src\cvar\CCVar.h">
      <Filter>Header Files\cvar</Filter>
    </ClInclude>
    <ClInclude Include="..\src\cvar\CVar.h">
      <Filter>Header Files\cvar</Filter>
    </ClInclude>
    <ClInclude Include="..\src\cvar\CVarUtils.h">
      <Filter>Header Files\cvar</Filter>
    </ClInclude>
    <ClInclude Include="..\src\cvar\ICVarSystem.h">
      <Filter>Header Files\cvar</Filter>
    </ClInclude>
    <ClInclude Include="..\src\cvar\ConVarConstants.h">
      <Filter>Header Files\cvar</Filter>
    </ClInclude>
    <ClInclude Include="..\src\stdlib\graphics\GraphicsUtils.h">
      <Filter>Header Files\stdlib\graphics</Filter>
    </ClInclude>
    <ClInclude Include="..\src\stdlib\settings\CBaseConfigManager.h">
      <Filter>Header Files\stdlib\settings</Filter>
    </ClInclude>
    <ClInclude Include="..\src\stdlib\settings\CCmdLineConfig.h">
      <Filter>Header Files\stdlib\settings</Filter>
    </ClInclude>
    <ClInclude Include="..\src\stdlib\settings\ConfigIO.h">
      <Filter>Header Files\stdlib\settings</Filter>
    </ClInclude>
    <ClInclude Include="..\src\engine\shared\sprite\CSprite.h">
      <Filter>Header Files\engine\shared\sprite</Filter>
    </ClInclude>
    <ClInclude Include="..\src\engine\shared\sprite\sprite.h">
      <Filter>Header Files\engine\shared\sprite</Filter>
    </ClInclude>
    <ClInclude Include="..\src\app\CAppSystem.h">
      <Filter>Header Files\app</Filter>
    </ClInclude>
    <ClInclude Include="..\src\lib\CLibrary.h">
      <Filter>Header Files\lib</Filter>
    </ClInclude>
    <ClInclude Include="..\src\stdlib\utility\PlatUtils.h">
      <Filter>Header Files\stdlib\utility</Filter>
    </ClInclude>
  </ItemGroup>
  <ItemGroup>
    <ClCompile Include="..\src\stdlib\utility\CString.cpp">
      <Filter>Source Files\stdlib\utility</Filter>
    </ClCompile>
    <ClCompile Include="..\src\stdlib\utility\CCommand.cpp">
      <Filter>Source Files\stdlib\utility</Filter>
    </ClCompile>
    <ClCompile Include="..\src\stdlib\utility\Tokenization.cpp">
      <Filter>Source Files\stdlib\utility</Filter>
    </ClCompile>
    <ClCompile Include="..\src\stdlib\utility\CEscapeSequences.cpp">
      <Filter>Source Files\stdlib\utility</Filter>
    </ClCompile>
    <ClCompile Include="..\src\stdlib\utility\mathlib.cpp">
      <Filter>Source Files\stdlib\utility</Filter>
    </ClCompile>
    <ClCompile Include="..\src\stdlib\utility\Color.cpp">
      <Filter>Source Files\stdlib\utility</Filter>
    </ClCompile>
    <ClCompile Include="..\src\stdlib\settings\CBaseSettings.cpp">
      <Filter>Source Files\stdlib\settings</Filter>
    </ClCompile>
    <ClCompile Include="..\src\stdlib\settings\CGameConfig.cpp">
      <Filter>Source Files\stdlib\settings</Filter>
    </ClCompile>
    <ClCompile Include="..\src\stdlib\settings\CRecentFiles.cpp">
      <Filter>Source Files\stdlib\settings</Filter>
    </ClCompile>
    <ClCompile Include="..\src\stdlib\settings\GameConfigIO.cpp">
      <Filter>Source Files\stdlib\settings</Filter>
    </ClCompile>
    <ClCompile Include="..\src\stdlib\graphics\BMPFile.cpp">
      <Filter>Source Files\stdlib\graphics</Filter>
    </ClCompile>
    <ClCompile Include="..\src\stdlib\utility\IOUtils.cpp">
      <Filter>Source Files\stdlib\utility</Filter>
    </ClCompile>
    <ClCompile Include="..\src\stdlib\graphics\GLRenderTarget.cpp">
      <Filter>Source Files\stdlib\graphics</Filter>
    </ClCompile>
    <ClCompile Include="..\src\stdlib\graphics\OpenGL.cpp">
      <Filter>Source Files\stdlib\graphics</Filter>
    </ClCompile>
    <ClCompile Include="..\src\engine\shared\studiomodel\CStudioModel.cpp">
      <Filter>Source Files\engine\shared\studiomodel</Filter>
    </ClCompile>
    <ClCompile Include="..\src\html\CHTMLBody.cpp">
      <Filter>Source Files\stdlib\html</Filter>
    </ClCompile>
    <ClCompile Include="..\src\html\CHTMLComposite.cpp">
      <Filter>Source Files\stdlib\html</Filter>
    </ClCompile>
    <ClCompile Include="..\src\html\CHTMLElement.cpp">
      <Filter>Source Files\stdlib\html</Filter>
    </ClCompile>
    <ClCompile Include="..\src\html\CHTMLHeader.cpp">
      <Filter>Source Files\stdlib\html</Filter>
    </ClCompile>
    <ClCompile Include="..\src\html\CHTMLPage.cpp">
      <Filter>Source Files\stdlib\html</Filter>
    </ClCompile>
    <ClCompile Include="..\src\stdlib\utility\ByteSwap.cpp">
      <Filter>Source Files\stdlib\utility</Filter>
    </ClCompile>
    <ClCompile Include="..\src\stdlib\graphics\CCamera.cpp">
      <Filter>Source Files\stdlib\graphics</Filter>
    </ClCompile>
    <ClCompile Include="..\src\cvar\CBaseConCommand.cpp">
      <Filter>Source Files\cvar</Filter>
    </ClCompile>
    <ClCompile Include="..\src\cvar\CConCommand.cpp">
      <Filter>Source Files\cvar</Filter>
    </ClCompile>
    <ClCompile Include="..\src\cvar\CCVar.cpp">
      <Filter>Source Files\cvar</Filter>
    </ClCompile>
    <ClCompile Include="..\src\cvar\CVarUtils.cpp">
      <Filter>Source Files\cvar</Filter>
    </ClCompile>
    <ClCompile Include="..\src\cvar\CVar.cpp">
      <Filter>Source Files\cvar</Filter>
    </ClCompile>
    <ClCompile Include="..\src\stdlib\graphics\GraphicsUtils.cpp">
      <Filter>Source Files\stdlib\graphics</Filter>
    </ClCompile>
    <ClCompile Include="..\src\stdlib\settings\CCmdLineConfig.cpp">
      <Filter>Source Files\stdlib\settings</Filter>
    </ClCompile>
    <ClCompile Include="..\src\engine\shared\sprite\CSprite.cpp">
      <Filter>Source Files\engine\shared\sprite</Filter>
    </ClCompile>
    <ClCompile Include="..\src\engine\shared\sprite\sprite.cpp">
      <Filter>Source Files\engine\shared\sprite</Filter>
    </ClCompile>
    <ClCompile Include="..\src\app\CAppSystem.cpp">
      <Filter>Source Files\app</Filter>
    </ClCompile>
    <ClCompile Include="..\src\lib\CLibrary.cpp">
      <Filter>Source Files\lib</Filter>
    </ClCompile>
    <ClCompile Include="..\src\stdlib\utility\PlatUtils.cpp">
      <Filter>Source Files\stdlib\utility</Filter>
    </ClCompile>
    <ClCompile Include="..\src\stdlib\utility\StringUtils.cpp">
      <Filter>Source Files\stdlib\utility</Filter>
    </ClCompile>
  </ItemGroup>
</Project>