<?xml version="1.0" encoding="utf-8"?>
<Project ToolsVersion="4.0" xmlns="http://schemas.microsoft.com/developer/msbuild/2003">
  <ItemGroup>
    <Filter Include="Source Files">
      <UniqueIdentifier>{4FC737F1-C7A5-4376-A066-2A32D752A2FF}</UniqueIdentifier>
      <Extensions>cpp;c;cc;cxx;def;odl;idl;hpj;bat;asm;asmx</Extensions>
    </Filter>
    <Filter Include="Header Files">
      <UniqueIdentifier>{93995380-89BD-4b04-88EB-625FBE52EBFB}</UniqueIdentifier>
      <Extensions>h;hh;hpp;hxx;hm;inl;inc;xsd</Extensions>
    </Filter>
    <Filter Include="Header Files\core">
      <UniqueIdentifier>{8f3ead1d-49fe-42af-9d9d-90232f59b615}</UniqueIdentifier>
    </Filter>
    <Filter Include="Source Files\core">
      <UniqueIdentifier>{9470c6e2-f648-4a05-823f-8d0d99c45d03}</UniqueIdentifier>
    </Filter>
    <Filter Include="Source Files\core\shared">
      <UniqueIdentifier>{69a5b3aa-7c31-4aea-82ad-5e8a04553592}</UniqueIdentifier>
    </Filter>
    <Filter Include="Header Files\core\shared">
      <UniqueIdentifier>{91100902-15cb-4b71-acf2-6904a28f0e26}</UniqueIdentifier>
    </Filter>
    <Filter Include="Resource Files">
      <UniqueIdentifier>{67DA6AB6-F800-4c08-8B7A-83BB121AAD01}</UniqueIdentifier>
      <Extensions>rc;ico;cur;bmp;dlg;rc2;rct;bin;rgs;gif;jpg;jpeg;jpe;resx;tiff;tif;png;wav;mfcribbon-ms</Extensions>
    </Filter>
  </ItemGroup>
  <ItemGroup>
    <ClInclude Include="..\src\core\shared\Class.h">
      <Filter>Header Files\core\shared</Filter>
    </ClInclude>
    <ClInclude Include="..\src\core\shared\Const.h">
      <Filter>Header Files\core\shared</Filter>
    </ClInclude>
    <ClInclude Include="..\src\core\shared\CWorldTime.h">
      <Filter>Header Files\core\shared</Filter>
    </ClInclude>
    <ClInclude Include="..\src\core\shared\Logging.h">
      <Filter>Header Files\core\shared</Filter>
    </ClInclude>
    <ClInclude Include="..\src\core\shared\Platform.h">
      <Filter>Header Files\core\shared</Filter>
    </ClInclude>
    <ClInclude Include="..\src\core\shared\Utility.h">
      <Filter>Header Files\core\shared</Filter>
    </ClInclude>
    <ClInclude Include="..\src\core\LibHLCore.h">
      <Filter>Header Files\core</Filter>
    </ClInclude>
  </ItemGroup>
  <ItemGroup>
    <ClCompile Include="..\src\core\shared\CWorldTime.cpp">
      <Filter>Source Files\core\shared</Filter>
    </ClCompile>
    <ClCompile Include="..\src\core\shared\Logging.cpp">
      <Filter>Source Files\core\shared</Filter>
    </ClCompile>
    <ClCompile Include="..\src\core\shared\Platform.cpp">
      <Filter>Source Files\core\shared</Filter>
    </ClCompile>
    <ClCompile Include="..\src\core\shared\Utility.cpp">
      <Filter>Source Files\core\shared</Filter>
    </ClCompile>
    <ClCompile Include="..\src\core\shared\Const.cpp">
      <Filter>Source Files\core\shared</Filter>
    </ClCompile>
    <ClCompile Include="..\src\core\LibHLCore.cpp">
      <Filter>Source Files\core</Filter>
    </ClCompile>
  </ItemGroup>
</Project>