<?xml version="1.0" encoding="utf-8"?>
<Project ToolsVersion="4.0" xmlns="http://schemas.microsoft.com/developer/msbuild/2003">
  <ItemGroup>
    <Filter Include="Source Files">
      <UniqueIdentifier>{4FC737F1-C7A5-4376-A066-2A32D752A2FF}</UniqueIdentifier>
      <Extensions>cpp;c;cc;cxx;def;odl;idl;hpj;bat;asm;asmx</Extensions>
    </Filter>
    <Filter Include="Header Files">
      <UniqueIdentifier>{93995380-89BD-4b04-88EB-625FBE52EBFB}</UniqueIdentifier>
      <Extensions>h;hh;hpp;hxx;hm;inl;inc;xsd</Extensions>
    </Filter>
    <Filter Include="Resource Files">
      <UniqueIdentifier>{67DA6AB6-F800-4c08-8B7A-83BB121AAD01}</UniqueIdentifier>
      <Extensions>rc;ico;cur;bmp;dlg;rc2;rct;bin;rgs;gif;jpg;jpeg;jpe;resx;tiff;tif;png;wav;mfcribbon-ms</Extensions>
    </Filter>
    <Filter Include="Header Files\engine">
      <UniqueIdentifier>{9903bd60-360a-4664-9c6b-59688ce67aba}</UniqueIdentifier>
    </Filter>
    <Filter Include="Source Files\engine">
      <UniqueIdentifier>{a12339d4-8cfd-4f78-970e-f93bd71ed7a0}</UniqueIdentifier>
    </Filter>
    <Filter Include="Header Files\lib">
      <UniqueIdentifier>{4a1747a1-4c7c-44fc-a085-a89ae7e5b1d0}</UniqueIdentifier>
    </Filter>
    <Filter Include="Source Files\lib">
      <UniqueIdentifier>{f0f09d20-04b1-45e0-a257-93c6f5e80ac1}</UniqueIdentifier>
    </Filter>
    <Filter Include="Header Files\engine\renderer">
      <UniqueIdentifier>{2baaabea-e83e-4213-bf56-e3fd52367de8}</UniqueIdentifier>
    </Filter>
    <Filter Include="Source Files\engine\renderer">
      <UniqueIdentifier>{f277838b-b9ed-45e0-aa57-0a44cb2186c8}</UniqueIdentifier>
    </Filter>
    <Filter Include="Header Files\engine\shared">
      <UniqueIdentifier>{723da53b-9ddb-4966-825e-c9e7027637ac}</UniqueIdentifier>
    </Filter>
    <Filter Include="Header Files\engine\shared\renderer">
      <UniqueIdentifier>{faf6b75d-7734-43a0-b30f-ff6622cde7f9}</UniqueIdentifier>
    </Filter>
    <Filter Include="Header Files\engine\shared\renderer\studiomodel">
      <UniqueIdentifier>{c0ca6550-ac27-4577-a3ca-5ff08a07858a}</UniqueIdentifier>
    </Filter>
    <Filter Include="Header Files\engine\renderer\studiomodel">
      <UniqueIdentifier>{4277c127-6726-4813-9e20-7332f25656e0}</UniqueIdentifier>
    </Filter>
    <Filter Include="Source Files\engine\renderer\studiomodel">
      <UniqueIdentifier>{7a931f98-44b3-48c0-833a-7070f9a404d6}</UniqueIdentifier>
    </Filter>
  </ItemGroup>
  <ItemGroup>
    <ClCompile Include="..\src\lib\LibInterface.cpp">
      <Filter>Source Files\lib</Filter>
    </ClCompile>
    <ClCompile Include="..\src\engine\renderer\CRendererLibrary.cpp">
      <Filter>Source Files\engine\renderer</Filter>
    </ClCompile>
    <ClCompile Include="..\src\engine\renderer\studiomodel\CStudioModelRenderer.cpp">
      <Filter>Source Files\engine\renderer\studiomodel</Filter>
    </ClCompile>
    <ClCompile Include="..\src\engine\renderer\studiomodel\StudioSorting.cpp">
      <Filter>Source Files\engine\renderer\studiomodel</Filter>
    </ClCompile>
  </ItemGroup>
  <ItemGroup>
    <ClInclude Include="..\src\lib\LibInterface.h">
      <Filter>Header Files\lib</Filter>
    </ClInclude>
    <ClInclude Include="..\src\engine\renderer\CRendererLibrary.h">
      <Filter>Header Files\engine\renderer</Filter>
    </ClInclude>
    <ClInclude Include="..\src\engine\shared\renderer\IRendererLibrary.h">
      <Filter>Header Files\engine\shared\renderer</Filter>
    </ClInclude>
    <ClInclude Include="..\src\engine\shared\renderer\studiomodel\IStudioModelRenderer.h">
      <Filter>Header Files\engine\shared\renderer\studiomodel</Filter>
    </ClInclude>
    <ClInclude Include="..\src\engine\renderer\studiomodel\CStudioModelRenderer.h">
      <Filter>Header Files\engine\renderer\studiomodel</Filter>
    </ClInclude>
    <ClInclude Include="..\src\engine\renderer\studiomodel\StudioSorting.h">
      <Filter>Header Files\engine\renderer\studiomodel</Filter>
    </ClInclude>
    <ClInclude Include="..\src\engine\shared\renderer\studiomodel\IStudioModelRendererListener.h">
      <Filter>Header Files\engine\shared\renderer\studiomodel</Filter>
    </ClInclude>
    <ClInclude Include="..\src\engine\shared\renderer\studiomodel\CModelRenderInfo.h">
      <Filter>Header Files\engine\shared\renderer\studiomodel</Filter>
    </ClInclude>
    <ClInclude Include="..\src\engine\shared\renderer\DrawConstants.h">
      <Filter>Header Files\engine\shared\renderer</Filter>
    </ClInclude>
  </ItemGroup>
</Project>