<?xml version="1.0" encoding="utf-8"?>
<Project ToolsVersion="4.0" xmlns="http://schemas.microsoft.com/developer/msbuild/2003">
  <ItemGroup>
    <Filter Include="Source Files">
      <UniqueIdentifier>{4FC737F1-C7A5-4376-A066-2A32D752A2FF}</UniqueIdentifier>
      <Extensions>cpp;c;cc;cxx;def;odl;idl;hpj;bat;asm;asmx</Extensions>
    </Filter>
    <Filter Include="Header Files">
      <UniqueIdentifier>{93995380-89BD-4b04-88EB-625FBE52EBFB}</UniqueIdentifier>
      <Extensions>h;hh;hpp;hxx;hm;inl;inc;xsd</Extensions>
    </Filter>
    <Filter Include="Resource Files">
      <UniqueIdentifier>{67DA6AB6-F800-4c08-8B7A-83BB121AAD01}</UniqueIdentifier>
      <Extensions>rc;ico;cur;bmp;dlg;rc2;rct;bin;rgs;gif;jpg;jpeg;jpe;resx;tiff;tif;png;wav;mfcribbon-ms</Extensions>
    </Filter>
    <Filter Include="Header Files\soundsystem">
      <UniqueIdentifier>{3de9adb6-0f93-479b-b64c-132213ae6a7f}</UniqueIdentifier>
    </Filter>
    <Filter Include="Source Files\soundsystem">
      <UniqueIdentifier>{5c26f32c-7cb4-4efa-afdf-d2056bdd1225}</UniqueIdentifier>
    </Filter>
  </ItemGroup>
  <ItemGroup>
    <ClInclude Include="..\src\soundsystem\CSoundSystem.h">
      <Filter>Header Files\soundsystem</Filter>
    </ClInclude>
    <ClInclude Include="..\src\soundsystem\SoundConstants.h">
      <Filter>Header Files\soundsystem</Filter>
    </ClInclude>
  </ItemGroup>
  <ItemGroup>
    <ClCompile Include="..\src\soundsystem\CSoundSystem.cpp">
      <Filter>Source Files\soundsystem</Filter>
    </ClCompile>
  </ItemGroup>
</Project>